// !$*UTF8*$!
{
	archiveVersion = 1;
	classes = {
	};
	objectVersion = 46;
	objects = {

/* Begin PBXBuildFile section */
		2E10A7181EC2E93300AAF510 /* UZChessLastMoveView.mm in Sources */ = {isa = PBXBuildFile; fileRef = 2E10A7171EC2E93300AAF510 /* UZChessLastMoveView.mm */; };
		2E10A71B1EC2FF1D00AAF510 /* UZChessSelectedSquareView.m in Sources */ = {isa = PBXBuildFile; fileRef = 2E10A71A1EC2FF1D00AAF510 /* UZChessSelectedSquareView.m */; };
		2E10A7211EC306D600AAF510 /* UZChessLegalMovesSquareView.m in Sources */ = {isa = PBXBuildFile; fileRef = 2E10A7201EC306D600AAF510 /* UZChessLegalMovesSquareView.m */; };
		2E6B1F711EC19AC2009F737F /* MoveListView.mm in Sources */ = {isa = PBXBuildFile; fileRef = 2E6B1F701EC19AC2009F737F /* MoveListView.mm */; };
		2E9EF5FE1EC017FF00C4C5C3 /* UZChessBoardViewController.mm in Sources */ = {isa = PBXBuildFile; fileRef = 2E9EF5FC1EC017FF00C4C5C3 /* UZChessBoardViewController.mm */; };
		2E9EF6011EC0184300C4C5C3 /* UZChessBoardView.mm in Sources */ = {isa = PBXBuildFile; fileRef = 2E9EF6001EC0184300C4C5C3 /* UZChessBoardView.mm */; };
		2E9EF6051EC05B8D00C4C5C3 /* UZChessGameController.mm in Sources */ = {isa = PBXBuildFile; fileRef = 2E9EF6041EC05B8D00C4C5C3 /* UZChessGameController.mm */; };
		2E9EF6081EC05BEE00C4C5C3 /* UZChessGame.m in Sources */ = {isa = PBXBuildFile; fileRef = 2E9EF6071EC05BEE00C4C5C3 /* UZChessGame.m */; };
		2E9EF60E1EC0608400C4C5C3 /* EngineController.mm in Sources */ = {isa = PBXBuildFile; fileRef = 2E9EF60B1EC0608400C4C5C3 /* EngineController.mm */; settings = {COMPILER_FLAGS = "-fno-objc-arc"; }; };
		2E9EF60F1EC0608400C4C5C3 /* Queue.mm in Sources */ = {isa = PBXBuildFile; fileRef = 2E9EF60D1EC0608400C4C5C3 /* Queue.mm */; settings = {COMPILER_FLAGS = "-fno-objc-arc"; }; };
		2E9EF6121EC06F7E00C4C5C3 /* Util.mm in Sources */ = {isa = PBXBuildFile; fileRef = 2E9EF6111EC06F7E00C4C5C3 /* Util.mm */; };
		2EA13E311EBC77DE00115EB8 /* main.m in Sources */ = {isa = PBXBuildFile; fileRef = 2EA13E301EBC77DE00115EB8 /* main.m */; };
		2EA13E341EBC77DE00115EB8 /* AppDelegate.mm in Sources */ = {isa = PBXBuildFile; fileRef = 2EA13E331EBC77DE00115EB8 /* AppDelegate.mm */; };
		2EA13E3C1EBC77DE00115EB8 /* Assets.xcassets in Resources */ = {isa = PBXBuildFile; fileRef = 2EA13E3B1EBC77DE00115EB8 /* Assets.xcassets */; };
		2EA13E3F1EBC77DE00115EB8 /* LaunchScreen.storyboard in Resources */ = {isa = PBXBuildFile; fileRef = 2EA13E3D1EBC77DE00115EB8 /* LaunchScreen.storyboard */; };
		2EA13E4A1EBC77DE00115EB8 /* UZChessTests.m in Sources */ = {isa = PBXBuildFile; fileRef = 2EA13E491EBC77DE00115EB8 /* UZChessTests.m */; };
		2EA13E551EBC77DE00115EB8 /* UZChessUITests.m in Sources */ = {isa = PBXBuildFile; fileRef = 2EA13E541EBC77DE00115EB8 /* UZChessUITests.m */; };
		2EA13ED11EBC780E00115EB8 /* UZAbstractSettings.m in Sources */ = {isa = PBXBuildFile; fileRef = 2EA13E6A1EBC780E00115EB8 /* UZAbstractSettings.m */; };
		2EA13ED21EBC780E00115EB8 /* UZBaseSettingStore.m in Sources */ = {isa = PBXBuildFile; fileRef = 2EA13E6C1EBC780E00115EB8 /* UZBaseSettingStore.m */; };
		2EA13ED31EBC780E00115EB8 /* UZChessSettings.m in Sources */ = {isa = PBXBuildFile; fileRef = 2EA13E6E1EBC780E00115EB8 /* UZChessSettings.m */; };
		2EA13ED41EBC780E00115EB8 /* UZChessSettingStore.m in Sources */ = {isa = PBXBuildFile; fileRef = 2EA13E701EBC780E00115EB8 /* UZChessSettingStore.m */; };
		2EA13ED51EBC780E00115EB8 /* UZGlobalSettings.m in Sources */ = {isa = PBXBuildFile; fileRef = 2EA13E721EBC780E00115EB8 /* UZGlobalSettings.m */; };
		2EA13ED61EBC780E00115EB8 /* UZSettingStore.m in Sources */ = {isa = PBXBuildFile; fileRef = 2EA13E741EBC780E00115EB8 /* UZSettingStore.m */; };
		2EA13ED71EBC780E00115EB8 /* IASKSettingsReader.m in Sources */ = {isa = PBXBuildFile; fileRef = 2EA13E761EBC780E00115EB8 /* IASKSettingsReader.m */; };
		2EA13ED81EBC780E00115EB8 /* IASKSettingsStore.m in Sources */ = {isa = PBXBuildFile; fileRef = 2EA13E781EBC780E00115EB8 /* IASKSettingsStore.m */; };
		2EA13ED91EBC780E00115EB8 /* IASKSettingsStoreFile.m in Sources */ = {isa = PBXBuildFile; fileRef = 2EA13E7A1EBC780E00115EB8 /* IASKSettingsStoreFile.m */; };
		2EA13EDA1EBC780E00115EB8 /* IASKSettingsStoreUserDefaults.m in Sources */ = {isa = PBXBuildFile; fileRef = 2EA13E7C1EBC780E00115EB8 /* IASKSettingsStoreUserDefaults.m */; };
		2EA13EDB1EBC780E00115EB8 /* IASKSpecifier.m in Sources */ = {isa = PBXBuildFile; fileRef = 2EA13E7E1EBC780E00115EB8 /* IASKSpecifier.m */; };
		2EA13F241EBC785900115EB8 /* bitboard.cpp in Sources */ = {isa = PBXBuildFile; fileRef = 2EA13F021EBC785900115EB8 /* bitboard.cpp */; };
		2EA13F251EBC785900115EB8 /* book.cpp in Sources */ = {isa = PBXBuildFile; fileRef = 2EA13F041EBC785900115EB8 /* book.cpp */; };
		2EA13F261EBC785900115EB8 /* color.cpp in Sources */ = {isa = PBXBuildFile; fileRef = 2EA13F061EBC785900115EB8 /* color.cpp */; };
		2EA13F271EBC785900115EB8 /* direction.cpp in Sources */ = {isa = PBXBuildFile; fileRef = 2EA13F091EBC785900115EB8 /* direction.cpp */; };
		2EA13F281EBC785900115EB8 /* mersenne.cpp in Sources */ = {isa = PBXBuildFile; fileRef = 2EA13F0C1EBC785900115EB8 /* mersenne.cpp */; };
		2EA13F291EBC785900115EB8 /* misc.cpp in Sources */ = {isa = PBXBuildFile; fileRef = 2EA13F0E1EBC785900115EB8 /* misc.cpp */; };
		2EA13F2A1EBC785900115EB8 /* move.cpp in Sources */ = {isa = PBXBuildFile; fileRef = 2EA13F101EBC785900115EB8 /* move.cpp */; };
		2EA13F2B1EBC785900115EB8 /* movegen.cpp in Sources */ = {isa = PBXBuildFile; fileRef = 2EA13F121EBC785900115EB8 /* movegen.cpp */; };
		2EA13F2C1EBC785900115EB8 /* movepick.cpp in Sources */ = {isa = PBXBuildFile; fileRef = 2EA13F141EBC785900115EB8 /* movepick.cpp */; };
		2EA13F2D1EBC785900115EB8 /* piece.cpp in Sources */ = {isa = PBXBuildFile; fileRef = 2EA13F171EBC785900115EB8 /* piece.cpp */; };
		2EA13F2E1EBC785900115EB8 /* position.cpp in Sources */ = {isa = PBXBuildFile; fileRef = 2EA13F191EBC785900115EB8 /* position.cpp */; };
		2EA13F2F1EBC785900115EB8 /* san.cpp in Sources */ = {isa = PBXBuildFile; fileRef = 2EA13F1C1EBC785900115EB8 /* san.cpp */; };
		2EA13F301EBC785900115EB8 /* square.cpp in Sources */ = {isa = PBXBuildFile; fileRef = 2EA13F1F1EBC785900115EB8 /* square.cpp */; };
		2EA13F311EBC785900115EB8 /* value.cpp in Sources */ = {isa = PBXBuildFile; fileRef = 2EA13F221EBC785900115EB8 /* value.cpp */; };
		2EA13F5C1EBC788300115EB8 /* benchmark.cpp in Sources */ = {isa = PBXBuildFile; fileRef = 2EA13F331EBC788300115EB8 /* benchmark.cpp */; };
		2EA13F5D1EBC788300115EB8 /* bitbase.cpp in Sources */ = {isa = PBXBuildFile; fileRef = 2EA13F341EBC788300115EB8 /* bitbase.cpp */; };
		2EA13F5E1EBC788300115EB8 /* bitboard.cpp in Sources */ = {isa = PBXBuildFile; fileRef = 2EA13F351EBC788300115EB8 /* bitboard.cpp */; };
		2EA13F5F1EBC788300115EB8 /* book.cpp in Sources */ = {isa = PBXBuildFile; fileRef = 2EA13F381EBC788300115EB8 /* book.cpp */; };
		2EA13F601EBC788300115EB8 /* endgame.cpp in Sources */ = {isa = PBXBuildFile; fileRef = 2EA13F3A1EBC788300115EB8 /* endgame.cpp */; };
		2EA13F611EBC788300115EB8 /* evaluate.cpp in Sources */ = {isa = PBXBuildFile; fileRef = 2EA13F3C1EBC788300115EB8 /* evaluate.cpp */; };
		2EA13F621EBC788300115EB8 /* iphone.mm in Sources */ = {isa = PBXBuildFile; fileRef = 2EA13F3F1EBC788300115EB8 /* iphone.mm */; };
		2EA13F631EBC788300115EB8 /* material.cpp in Sources */ = {isa = PBXBuildFile; fileRef = 2EA13F401EBC788300115EB8 /* material.cpp */; };
		2EA13F641EBC788300115EB8 /* misc.cpp in Sources */ = {isa = PBXBuildFile; fileRef = 2EA13F421EBC788300115EB8 /* misc.cpp */; };
		2EA13F651EBC788300115EB8 /* movegen.cpp in Sources */ = {isa = PBXBuildFile; fileRef = 2EA13F441EBC788300115EB8 /* movegen.cpp */; };
		2EA13F661EBC788300115EB8 /* movepick.cpp in Sources */ = {isa = PBXBuildFile; fileRef = 2EA13F461EBC788300115EB8 /* movepick.cpp */; };
		2EA13F671EBC788300115EB8 /* notation.cpp in Sources */ = {isa = PBXBuildFile; fileRef = 2EA13F481EBC788300115EB8 /* notation.cpp */; };
		2EA13F681EBC788300115EB8 /* pawns.cpp in Sources */ = {isa = PBXBuildFile; fileRef = 2EA13F4A1EBC788300115EB8 /* pawns.cpp */; };
		2EA13F691EBC788300115EB8 /* position.cpp in Sources */ = {isa = PBXBuildFile; fileRef = 2EA13F4C1EBC788300115EB8 /* position.cpp */; };
		2EA13F6A1EBC788300115EB8 /* search.cpp in Sources */ = {isa = PBXBuildFile; fileRef = 2EA13F501EBC788300115EB8 /* search.cpp */; };
		2EA13F6B1EBC788300115EB8 /* thread.cpp in Sources */ = {isa = PBXBuildFile; fileRef = 2EA13F521EBC788300115EB8 /* thread.cpp */; };
		2EA13F6C1EBC788300115EB8 /* timeman.cpp in Sources */ = {isa = PBXBuildFile; fileRef = 2EA13F541EBC788300115EB8 /* timeman.cpp */; };
		2EA13F6D1EBC788300115EB8 /* tt.cpp in Sources */ = {isa = PBXBuildFile; fileRef = 2EA13F561EBC788300115EB8 /* tt.cpp */; };
		2EA13F6E1EBC788300115EB8 /* uci.cpp in Sources */ = {isa = PBXBuildFile; fileRef = 2EA13F591EBC788300115EB8 /* uci.cpp */; };
		2EA13F6F1EBC788300115EB8 /* ucioption.cpp in Sources */ = {isa = PBXBuildFile; fileRef = 2EA13F5A1EBC788300115EB8 /* ucioption.cpp */; };
		2EB289771EC158B900FECAF3 /* ChessClock.mm in Sources */ = {isa = PBXBuildFile; fileRef = 2EB289741EC158B900FECAF3 /* ChessClock.mm */; };
		2EB289781EC158B900FECAF3 /* ChessMove.mm in Sources */ = {isa = PBXBuildFile; fileRef = 2EB289761EC158B900FECAF3 /* ChessMove.mm */; };
		2EB2897B1EC15DD900FECAF3 /* OpeningBook.mm in Sources */ = {isa = PBXBuildFile; fileRef = 2EB2897A1EC15DD900FECAF3 /* OpeningBook.mm */; };
		2EB2897E1EC15EEE00FECAF3 /* PGN.mm in Sources */ = {isa = PBXBuildFile; fileRef = 2EB2897D1EC15EEE00FECAF3 /* PGN.mm */; };
		2EB289811EC15F0E00FECAF3 /* GameParser.mm in Sources */ = {isa = PBXBuildFile; fileRef = 2EB289801EC15F0E00FECAF3 /* GameParser.mm */; };
		2EB289841EC15F5100FECAF3 /* ECO.mm in Sources */ = {isa = PBXBuildFile; fileRef = 2EB289831EC15F5100FECAF3 /* ECO.mm */; };
		2EB289871EC1644F00FECAF3 /* UZCoordinateView.mm in Sources */ = {isa = PBXBuildFile; fileRef = 2EB289861EC1644F00FECAF3 /* UZCoordinateView.mm */; };
		2EB289BA1EC1696000FECAF3 /* MASCompositeConstraint.m in Sources */ = {isa = PBXBuildFile; fileRef = 2EB2898B1EC1696000FECAF3 /* MASCompositeConstraint.m */; };
		2EB289BB1EC1696000FECAF3 /* MASConstraint.m in Sources */ = {isa = PBXBuildFile; fileRef = 2EB2898E1EC1696000FECAF3 /* MASConstraint.m */; };
		2EB289BC1EC1696000FECAF3 /* MASConstraintMaker.m in Sources */ = {isa = PBXBuildFile; fileRef = 2EB289901EC1696000FECAF3 /* MASConstraintMaker.m */; };
		2EB289BD1EC1696000FECAF3 /* MASLayoutConstraint.m in Sources */ = {isa = PBXBuildFile; fileRef = 2EB289921EC1696000FECAF3 /* MASLayoutConstraint.m */; };
		2EB289BE1EC1696000FECAF3 /* MASViewAttribute.m in Sources */ = {isa = PBXBuildFile; fileRef = 2EB289961EC1696000FECAF3 /* MASViewAttribute.m */; };
		2EB289BF1EC1696000FECAF3 /* MASViewConstraint.m in Sources */ = {isa = PBXBuildFile; fileRef = 2EB289981EC1696000FECAF3 /* MASViewConstraint.m */; };
		2EB289C01EC1696000FECAF3 /* NSArray+MASAdditions.m in Sources */ = {isa = PBXBuildFile; fileRef = 2EB2899A1EC1696000FECAF3 /* NSArray+MASAdditions.m */; };
		2EB289C11EC1696000FECAF3 /* NSLayoutConstraint+MASDebugAdditions.m in Sources */ = {isa = PBXBuildFile; fileRef = 2EB2899D1EC1696000FECAF3 /* NSLayoutConstraint+MASDebugAdditions.m */; };
		2EB289C21EC1696000FECAF3 /* View+MASAdditions.m in Sources */ = {isa = PBXBuildFile; fileRef = 2EB2899F1EC1696000FECAF3 /* View+MASAdditions.m */; };
		2EB289C31EC1696000FECAF3 /* ViewController+MASAdditions.m in Sources */ = {isa = PBXBuildFile; fileRef = 2EB289A21EC1696000FECAF3 /* ViewController+MASAdditions.m */; };
		2EB289C41EC1696000FECAF3 /* NSData+YYAdd.m in Sources */ = {isa = PBXBuildFile; fileRef = 2EB289A61EC1696000FECAF3 /* NSData+YYAdd.m */; };
		2EB289C61EC1696000FECAF3 /* NSDate+YYAdd.m in Sources */ = {isa = PBXBuildFile; fileRef = 2EB289AA1EC1696000FECAF3 /* NSDate+YYAdd.m */; };
		2EB289C81EC1696000FECAF3 /* NSNumber+YYAdd.m in Sources */ = {isa = PBXBuildFile; fileRef = 2EB289AD1EC1696000FECAF3 /* NSNumber+YYAdd.m */; };
		2EB289C91EC1696000FECAF3 /* NSString+YYAdd.m in Sources */ = {isa = PBXBuildFile; fileRef = 2EB289AF1EC1696000FECAF3 /* NSString+YYAdd.m */; };
		2EB289CA1EC1696000FECAF3 /* UIColor+YYAdd.m in Sources */ = {isa = PBXBuildFile; fileRef = 2EB289B21EC1696000FECAF3 /* UIColor+YYAdd.m */; };
		2EB289CB1EC1696000FECAF3 /* UIDevice+IdentifierAddition.m in Sources */ = {isa = PBXBuildFile; fileRef = 2EB289B41EC1696000FECAF3 /* UIDevice+IdentifierAddition.m */; };
		2EB289CC1EC1696000FECAF3 /* UIDevice+YYAdd.m in Sources */ = {isa = PBXBuildFile; fileRef = 2EB289B61EC1696000FECAF3 /* UIDevice+YYAdd.m */; };
		2EB289D01EC169BB00FECAF3 /* libz.1.2.5.tbd in Frameworks */ = {isa = PBXBuildFile; fileRef = 2EB289CF1EC169BB00FECAF3 /* libz.1.2.5.tbd */; };
/* End PBXBuildFile section */

/* Begin PBXContainerItemProxy section */
		2EA13E461EBC77DE00115EB8 /* PBXContainerItemProxy */ = {
			isa = PBXContainerItemProxy;
			containerPortal = 2EA13E241EBC77DE00115EB8 /* Project object */;
			proxyType = 1;
			remoteGlobalIDString = 2EA13E2B1EBC77DE00115EB8;
			remoteInfo = UZChess;
		};
		2EA13E511EBC77DE00115EB8 /* PBXContainerItemProxy */ = {
			isa = PBXContainerItemProxy;
			containerPortal = 2EA13E241EBC77DE00115EB8 /* Project object */;
			proxyType = 1;
			remoteGlobalIDString = 2EA13E2B1EBC77DE00115EB8;
			remoteInfo = UZChess;
		};
/* End PBXContainerItemProxy section */

/* Begin PBXFileReference section */
		2E10A7161EC2E93300AAF510 /* UZChessLastMoveView.h */ = {isa = PBXFileReference; fileEncoding = 4; lastKnownFileType = sourcecode.c.h; path = UZChessLastMoveView.h; sourceTree = "<group>"; };
		2E10A7171EC2E93300AAF510 /* UZChessLastMoveView.mm */ = {isa = PBXFileReference; fileEncoding = 4; lastKnownFileType = sourcecode.cpp.objcpp; path = UZChessLastMoveView.mm; sourceTree = "<group>"; };
		2E10A7191EC2FF1D00AAF510 /* UZChessSelectedSquareView.h */ = {isa = PBXFileReference; fileEncoding = 4; lastKnownFileType = sourcecode.c.h; path = UZChessSelectedSquareView.h; sourceTree = "<group>"; };
		2E10A71A1EC2FF1D00AAF510 /* UZChessSelectedSquareView.m */ = {isa = PBXFileReference; fileEncoding = 4; lastKnownFileType = sourcecode.c.objc; path = UZChessSelectedSquareView.m; sourceTree = "<group>"; };
		2E10A71F1EC306D600AAF510 /* UZChessLegalMovesSquareView.h */ = {isa = PBXFileReference; fileEncoding = 4; lastKnownFileType = sourcecode.c.h; path = UZChessLegalMovesSquareView.h; sourceTree = "<group>"; };
		2E10A7201EC306D600AAF510 /* UZChessLegalMovesSquareView.m */ = {isa = PBXFileReference; fileEncoding = 4; lastKnownFileType = sourcecode.c.objc; path = UZChessLegalMovesSquareView.m; sourceTree = "<group>"; };
		2E6B1F6F1EC19AC2009F737F /* MoveListView.h */ = {isa = PBXFileReference; fileEncoding = 4; lastKnownFileType = sourcecode.c.h; path = MoveListView.h; sourceTree = "<group>"; };
		2E6B1F701EC19AC2009F737F /* MoveListView.mm */ = {isa = PBXFileReference; fileEncoding = 4; lastKnownFileType = sourcecode.cpp.objcpp; path = MoveListView.mm; sourceTree = "<group>"; };
		2E9EF5FB1EC017FF00C4C5C3 /* UZChessBoardViewController.h */ = {isa = PBXFileReference; fileEncoding = 4; lastKnownFileType = sourcecode.c.h; path = UZChessBoardViewController.h; sourceTree = "<group>"; };
		2E9EF5FC1EC017FF00C4C5C3 /* UZChessBoardViewController.mm */ = {isa = PBXFileReference; fileEncoding = 4; lastKnownFileType = sourcecode.cpp.objcpp; path = UZChessBoardViewController.mm; sourceTree = "<group>"; };
		2E9EF5FF1EC0184300C4C5C3 /* UZChessBoardView.h */ = {isa = PBXFileReference; fileEncoding = 4; lastKnownFileType = sourcecode.c.h; path = UZChessBoardView.h; sourceTree = "<group>"; };
		2E9EF6001EC0184300C4C5C3 /* UZChessBoardView.mm */ = {isa = PBXFileReference; fileEncoding = 4; lastKnownFileType = sourcecode.cpp.objcpp; path = UZChessBoardView.mm; sourceTree = "<group>"; };
		2E9EF6031EC05B8D00C4C5C3 /* UZChessGameController.h */ = {isa = PBXFileReference; fileEncoding = 4; lastKnownFileType = sourcecode.c.h; path = UZChessGameController.h; sourceTree = "<group>"; };
		2E9EF6041EC05B8D00C4C5C3 /* UZChessGameController.mm */ = {isa = PBXFileReference; fileEncoding = 4; lastKnownFileType = sourcecode.cpp.objcpp; path = UZChessGameController.mm; sourceTree = "<group>"; };
		2E9EF6061EC05BEE00C4C5C3 /* UZChessGame.h */ = {isa = PBXFileReference; fileEncoding = 4; lastKnownFileType = sourcecode.c.h; path = UZChessGame.h; sourceTree = "<group>"; };
		2E9EF6071EC05BEE00C4C5C3 /* UZChessGame.m */ = {isa = PBXFileReference; fileEncoding = 4; lastKnownFileType = sourcecode.c.objc; path = UZChessGame.m; sourceTree = "<group>"; };
		2E9EF60A1EC0608400C4C5C3 /* EngineController.h */ = {isa = PBXFileReference; fileEncoding = 4; lastKnownFileType = sourcecode.c.h; path = EngineController.h; sourceTree = "<group>"; };
		2E9EF60B1EC0608400C4C5C3 /* EngineController.mm */ = {isa = PBXFileReference; fileEncoding = 4; lastKnownFileType = sourcecode.cpp.objcpp; path = EngineController.mm; sourceTree = "<group>"; };
		2E9EF60C1EC0608400C4C5C3 /* Queue.h */ = {isa = PBXFileReference; fileEncoding = 4; lastKnownFileType = sourcecode.c.h; path = Queue.h; sourceTree = "<group>"; };
		2E9EF60D1EC0608400C4C5C3 /* Queue.mm */ = {isa = PBXFileReference; fileEncoding = 4; lastKnownFileType = sourcecode.cpp.objcpp; path = Queue.mm; sourceTree = "<group>"; };
		2E9EF6101EC06F7E00C4C5C3 /* Util.h */ = {isa = PBXFileReference; fileEncoding = 4; lastKnownFileType = sourcecode.c.h; path = Util.h; sourceTree = "<group>"; };
		2E9EF6111EC06F7E00C4C5C3 /* Util.mm */ = {isa = PBXFileReference; fileEncoding = 4; lastKnownFileType = sourcecode.cpp.objcpp; path = Util.mm; sourceTree = "<group>"; };
		2EA13E2C1EBC77DE00115EB8 /* UZChess.app */ = {isa = PBXFileReference; explicitFileType = wrapper.application; includeInIndex = 0; path = UZChess.app; sourceTree = BUILT_PRODUCTS_DIR; };
		2EA13E301EBC77DE00115EB8 /* main.m */ = {isa = PBXFileReference; lastKnownFileType = sourcecode.c.objc; path = main.m; sourceTree = "<group>"; };
		2EA13E321EBC77DE00115EB8 /* AppDelegate.h */ = {isa = PBXFileReference; lastKnownFileType = sourcecode.c.h; path = AppDelegate.h; sourceTree = "<group>"; };
		2EA13E331EBC77DE00115EB8 /* AppDelegate.mm */ = {isa = PBXFileReference; lastKnownFileType = sourcecode.cpp.objcpp; path = AppDelegate.mm; sourceTree = "<group>"; };
		2EA13E3B1EBC77DE00115EB8 /* Assets.xcassets */ = {isa = PBXFileReference; lastKnownFileType = folder.assetcatalog; path = Assets.xcassets; sourceTree = "<group>"; };
		2EA13E3E1EBC77DE00115EB8 /* Base */ = {isa = PBXFileReference; lastKnownFileType = file.storyboard; name = Base; path = Base.lproj/LaunchScreen.storyboard; sourceTree = "<group>"; };
		2EA13E401EBC77DE00115EB8 /* Info.plist */ = {isa = PBXFileReference; lastKnownFileType = text.plist.xml; path = Info.plist; sourceTree = "<group>"; };
		2EA13E451EBC77DE00115EB8 /* UZChessTests.xctest */ = {isa = PBXFileReference; explicitFileType = wrapper.cfbundle; includeInIndex = 0; path = UZChessTests.xctest; sourceTree = BUILT_PRODUCTS_DIR; };
		2EA13E491EBC77DE00115EB8 /* UZChessTests.m */ = {isa = PBXFileReference; lastKnownFileType = sourcecode.c.objc; path = UZChessTests.m; sourceTree = "<group>"; };
		2EA13E4B1EBC77DE00115EB8 /* Info.plist */ = {isa = PBXFileReference; lastKnownFileType = text.plist.xml; path = Info.plist; sourceTree = "<group>"; };
		2EA13E501EBC77DE00115EB8 /* UZChessUITests.xctest */ = {isa = PBXFileReference; explicitFileType = wrapper.cfbundle; includeInIndex = 0; path = UZChessUITests.xctest; sourceTree = BUILT_PRODUCTS_DIR; };
		2EA13E541EBC77DE00115EB8 /* UZChessUITests.m */ = {isa = PBXFileReference; lastKnownFileType = sourcecode.c.objc; path = UZChessUITests.m; sourceTree = "<group>"; };
		2EA13E561EBC77DE00115EB8 /* Info.plist */ = {isa = PBXFileReference; lastKnownFileType = text.plist.xml; path = Info.plist; sourceTree = "<group>"; };
		2EA13E691EBC780E00115EB8 /* UZAbstractSettings.h */ = {isa = PBXFileReference; fileEncoding = 4; lastKnownFileType = sourcecode.c.h; path = UZAbstractSettings.h; sourceTree = "<group>"; };
		2EA13E6A1EBC780E00115EB8 /* UZAbstractSettings.m */ = {isa = PBXFileReference; fileEncoding = 4; lastKnownFileType = sourcecode.c.objc; path = UZAbstractSettings.m; sourceTree = "<group>"; };
		2EA13E6B1EBC780E00115EB8 /* UZBaseSettingStore.h */ = {isa = PBXFileReference; fileEncoding = 4; lastKnownFileType = sourcecode.c.h; path = UZBaseSettingStore.h; sourceTree = "<group>"; };
		2EA13E6C1EBC780E00115EB8 /* UZBaseSettingStore.m */ = {isa = PBXFileReference; fileEncoding = 4; lastKnownFileType = sourcecode.c.objc; path = UZBaseSettingStore.m; sourceTree = "<group>"; };
		2EA13E6D1EBC780E00115EB8 /* UZChessSettings.h */ = {isa = PBXFileReference; fileEncoding = 4; lastKnownFileType = sourcecode.c.h; path = UZChessSettings.h; sourceTree = "<group>"; };
		2EA13E6E1EBC780E00115EB8 /* UZChessSettings.m */ = {isa = PBXFileReference; fileEncoding = 4; lastKnownFileType = sourcecode.c.objc; path = UZChessSettings.m; sourceTree = "<group>"; };
		2EA13E6F1EBC780E00115EB8 /* UZChessSettingStore.h */ = {isa = PBXFileReference; fileEncoding = 4; lastKnownFileType = sourcecode.c.h; path = UZChessSettingStore.h; sourceTree = "<group>"; };
		2EA13E701EBC780E00115EB8 /* UZChessSettingStore.m */ = {isa = PBXFileReference; fileEncoding = 4; lastKnownFileType = sourcecode.c.objc; path = UZChessSettingStore.m; sourceTree = "<group>"; };
		2EA13E711EBC780E00115EB8 /* UZGlobalSettings.h */ = {isa = PBXFileReference; fileEncoding = 4; lastKnownFileType = sourcecode.c.h; path = UZGlobalSettings.h; sourceTree = "<group>"; };
		2EA13E721EBC780E00115EB8 /* UZGlobalSettings.m */ = {isa = PBXFileReference; fileEncoding = 4; lastKnownFileType = sourcecode.c.objc; path = UZGlobalSettings.m; sourceTree = "<group>"; };
		2EA13E731EBC780E00115EB8 /* UZSettingStore.h */ = {isa = PBXFileReference; fileEncoding = 4; lastKnownFileType = sourcecode.c.h; path = UZSettingStore.h; sourceTree = "<group>"; };
		2EA13E741EBC780E00115EB8 /* UZSettingStore.m */ = {isa = PBXFileReference; fileEncoding = 4; lastKnownFileType = sourcecode.c.objc; path = UZSettingStore.m; sourceTree = "<group>"; };
		2EA13E751EBC780E00115EB8 /* IASKSettingsReader.h */ = {isa = PBXFileReference; fileEncoding = 4; lastKnownFileType = sourcecode.c.h; path = IASKSettingsReader.h; sourceTree = "<group>"; };
		2EA13E761EBC780E00115EB8 /* IASKSettingsReader.m */ = {isa = PBXFileReference; fileEncoding = 4; lastKnownFileType = sourcecode.c.objc; path = IASKSettingsReader.m; sourceTree = "<group>"; };
		2EA13E771EBC780E00115EB8 /* IASKSettingsStore.h */ = {isa = PBXFileReference; fileEncoding = 4; lastKnownFileType = sourcecode.c.h; path = IASKSettingsStore.h; sourceTree = "<group>"; };
		2EA13E781EBC780E00115EB8 /* IASKSettingsStore.m */ = {isa = PBXFileReference; fileEncoding = 4; lastKnownFileType = sourcecode.c.objc; path = IASKSettingsStore.m; sourceTree = "<group>"; };
		2EA13E791EBC780E00115EB8 /* IASKSettingsStoreFile.h */ = {isa = PBXFileReference; fileEncoding = 4; lastKnownFileType = sourcecode.c.h; path = IASKSettingsStoreFile.h; sourceTree = "<group>"; };
		2EA13E7A1EBC780E00115EB8 /* IASKSettingsStoreFile.m */ = {isa = PBXFileReference; fileEncoding = 4; lastKnownFileType = sourcecode.c.objc; path = IASKSettingsStoreFile.m; sourceTree = "<group>"; };
		2EA13E7B1EBC780E00115EB8 /* IASKSettingsStoreUserDefaults.h */ = {isa = PBXFileReference; fileEncoding = 4; lastKnownFileType = sourcecode.c.h; path = IASKSettingsStoreUserDefaults.h; sourceTree = "<group>"; };
		2EA13E7C1EBC780E00115EB8 /* IASKSettingsStoreUserDefaults.m */ = {isa = PBXFileReference; fileEncoding = 4; lastKnownFileType = sourcecode.c.objc; path = IASKSettingsStoreUserDefaults.m; sourceTree = "<group>"; };
		2EA13E7D1EBC780E00115EB8 /* IASKSpecifier.h */ = {isa = PBXFileReference; fileEncoding = 4; lastKnownFileType = sourcecode.c.h; path = IASKSpecifier.h; sourceTree = "<group>"; };
		2EA13E7E1EBC780E00115EB8 /* IASKSpecifier.m */ = {isa = PBXFileReference; fileEncoding = 4; lastKnownFileType = sourcecode.c.objc; path = IASKSpecifier.m; sourceTree = "<group>"; };
		2EA13F001EBC781600115EB8 /* UZChess.pch */ = {isa = PBXFileReference; fileEncoding = 4; lastKnownFileType = sourcecode.c.h; path = UZChess.pch; sourceTree = "<group>"; };
		2EA13F021EBC785900115EB8 /* bitboard.cpp */ = {isa = PBXFileReference; fileEncoding = 4; lastKnownFileType = sourcecode.cpp.cpp; path = bitboard.cpp; sourceTree = "<group>"; };
		2EA13F031EBC785900115EB8 /* bitboard.h */ = {isa = PBXFileReference; fileEncoding = 4; lastKnownFileType = sourcecode.c.h; path = bitboard.h; sourceTree = "<group>"; };
		2EA13F041EBC785900115EB8 /* book.cpp */ = {isa = PBXFileReference; fileEncoding = 4; lastKnownFileType = sourcecode.cpp.cpp; path = book.cpp; sourceTree = "<group>"; };
		2EA13F051EBC785900115EB8 /* book.h */ = {isa = PBXFileReference; fileEncoding = 4; lastKnownFileType = sourcecode.c.h; path = book.h; sourceTree = "<group>"; };
		2EA13F061EBC785900115EB8 /* color.cpp */ = {isa = PBXFileReference; fileEncoding = 4; lastKnownFileType = sourcecode.cpp.cpp; path = color.cpp; sourceTree = "<group>"; };
		2EA13F071EBC785900115EB8 /* color.h */ = {isa = PBXFileReference; fileEncoding = 4; lastKnownFileType = sourcecode.c.h; path = color.h; sourceTree = "<group>"; };
		2EA13F081EBC785900115EB8 /* depth.h */ = {isa = PBXFileReference; fileEncoding = 4; lastKnownFileType = sourcecode.c.h; path = depth.h; sourceTree = "<group>"; };
		2EA13F091EBC785900115EB8 /* direction.cpp */ = {isa = PBXFileReference; fileEncoding = 4; lastKnownFileType = sourcecode.cpp.cpp; path = direction.cpp; sourceTree = "<group>"; };
		2EA13F0A1EBC785900115EB8 /* direction.h */ = {isa = PBXFileReference; fileEncoding = 4; lastKnownFileType = sourcecode.c.h; path = direction.h; sourceTree = "<group>"; };
		2EA13F0B1EBC785900115EB8 /* lock.h */ = {isa = PBXFileReference; fileEncoding = 4; lastKnownFileType = sourcecode.c.h; path = lock.h; sourceTree = "<group>"; };
		2EA13F0C1EBC785900115EB8 /* mersenne.cpp */ = {isa = PBXFileReference; fileEncoding = 4; lastKnownFileType = sourcecode.cpp.cpp; path = mersenne.cpp; sourceTree = "<group>"; };
		2EA13F0D1EBC785900115EB8 /* mersenne.h */ = {isa = PBXFileReference; fileEncoding = 4; lastKnownFileType = sourcecode.c.h; path = mersenne.h; sourceTree = "<group>"; };
		2EA13F0E1EBC785900115EB8 /* misc.cpp */ = {isa = PBXFileReference; fileEncoding = 4; lastKnownFileType = sourcecode.cpp.cpp; path = misc.cpp; sourceTree = "<group>"; };
		2EA13F0F1EBC785900115EB8 /* misc.h */ = {isa = PBXFileReference; fileEncoding = 4; lastKnownFileType = sourcecode.c.h; path = misc.h; sourceTree = "<group>"; };
		2EA13F101EBC785900115EB8 /* move.cpp */ = {isa = PBXFileReference; fileEncoding = 4; lastKnownFileType = sourcecode.cpp.cpp; path = move.cpp; sourceTree = "<group>"; };
		2EA13F111EBC785900115EB8 /* move.h */ = {isa = PBXFileReference; fileEncoding = 4; lastKnownFileType = sourcecode.c.h; path = move.h; sourceTree = "<group>"; };
		2EA13F121EBC785900115EB8 /* movegen.cpp */ = {isa = PBXFileReference; fileEncoding = 4; lastKnownFileType = sourcecode.cpp.cpp; path = movegen.cpp; sourceTree = "<group>"; };
		2EA13F131EBC785900115EB8 /* movegen.h */ = {isa = PBXFileReference; fileEncoding = 4; lastKnownFileType = sourcecode.c.h; path = movegen.h; sourceTree = "<group>"; };
		2EA13F141EBC785900115EB8 /* movepick.cpp */ = {isa = PBXFileReference; fileEncoding = 4; lastKnownFileType = sourcecode.cpp.cpp; path = movepick.cpp; sourceTree = "<group>"; };
		2EA13F151EBC785900115EB8 /* movepick.h */ = {isa = PBXFileReference; fileEncoding = 4; lastKnownFileType = sourcecode.c.h; path = movepick.h; sourceTree = "<group>"; };
		2EA13F161EBC785900115EB8 /* phase.h */ = {isa = PBXFileReference; fileEncoding = 4; lastKnownFileType = sourcecode.c.h; path = phase.h; sourceTree = "<group>"; };
		2EA13F171EBC785900115EB8 /* piece.cpp */ = {isa = PBXFileReference; fileEncoding = 4; lastKnownFileType = sourcecode.cpp.cpp; path = piece.cpp; sourceTree = "<group>"; };
		2EA13F181EBC785900115EB8 /* piece.h */ = {isa = PBXFileReference; fileEncoding = 4; lastKnownFileType = sourcecode.c.h; path = piece.h; sourceTree = "<group>"; };
		2EA13F191EBC785900115EB8 /* position.cpp */ = {isa = PBXFileReference; fileEncoding = 4; lastKnownFileType = sourcecode.cpp.cpp; path = position.cpp; sourceTree = "<group>"; };
		2EA13F1A1EBC785900115EB8 /* position.h */ = {isa = PBXFileReference; fileEncoding = 4; lastKnownFileType = sourcecode.c.h; path = position.h; sourceTree = "<group>"; };
		2EA13F1B1EBC785900115EB8 /* psqtab.h */ = {isa = PBXFileReference; fileEncoding = 4; lastKnownFileType = sourcecode.c.h; path = psqtab.h; sourceTree = "<group>"; };
		2EA13F1C1EBC785900115EB8 /* san.cpp */ = {isa = PBXFileReference; fileEncoding = 4; lastKnownFileType = sourcecode.cpp.cpp; path = san.cpp; sourceTree = "<group>"; };
		2EA13F1D1EBC785900115EB8 /* san.h */ = {isa = PBXFileReference; fileEncoding = 4; lastKnownFileType = sourcecode.c.h; path = san.h; sourceTree = "<group>"; };
		2EA13F1E1EBC785900115EB8 /* scale.h */ = {isa = PBXFileReference; fileEncoding = 4; lastKnownFileType = sourcecode.c.h; path = scale.h; sourceTree = "<group>"; };
		2EA13F1F1EBC785900115EB8 /* square.cpp */ = {isa = PBXFileReference; fileEncoding = 4; lastKnownFileType = sourcecode.cpp.cpp; path = square.cpp; sourceTree = "<group>"; };
		2EA13F201EBC785900115EB8 /* square.h */ = {isa = PBXFileReference; fileEncoding = 4; lastKnownFileType = sourcecode.c.h; path = square.h; sourceTree = "<group>"; };
		2EA13F211EBC785900115EB8 /* types.h */ = {isa = PBXFileReference; fileEncoding = 4; lastKnownFileType = sourcecode.c.h; path = types.h; sourceTree = "<group>"; };
		2EA13F221EBC785900115EB8 /* value.cpp */ = {isa = PBXFileReference; fileEncoding = 4; lastKnownFileType = sourcecode.cpp.cpp; path = value.cpp; sourceTree = "<group>"; };
		2EA13F231EBC785900115EB8 /* value.h */ = {isa = PBXFileReference; fileEncoding = 4; lastKnownFileType = sourcecode.c.h; path = value.h; sourceTree = "<group>"; };
		2EA13F331EBC788300115EB8 /* benchmark.cpp */ = {isa = PBXFileReference; fileEncoding = 4; lastKnownFileType = sourcecode.cpp.cpp; path = benchmark.cpp; sourceTree = "<group>"; };
		2EA13F341EBC788300115EB8 /* bitbase.cpp */ = {isa = PBXFileReference; fileEncoding = 4; lastKnownFileType = sourcecode.cpp.cpp; path = bitbase.cpp; sourceTree = "<group>"; };
		2EA13F351EBC788300115EB8 /* bitboard.cpp */ = {isa = PBXFileReference; fileEncoding = 4; lastKnownFileType = sourcecode.cpp.cpp; path = bitboard.cpp; sourceTree = "<group>"; };
		2EA13F361EBC788300115EB8 /* bitboard.h */ = {isa = PBXFileReference; fileEncoding = 4; lastKnownFileType = sourcecode.c.h; path = bitboard.h; sourceTree = "<group>"; };
		2EA13F371EBC788300115EB8 /* bitcount.h */ = {isa = PBXFileReference; fileEncoding = 4; lastKnownFileType = sourcecode.c.h; path = bitcount.h; sourceTree = "<group>"; };
		2EA13F381EBC788300115EB8 /* book.cpp */ = {isa = PBXFileReference; fileEncoding = 4; lastKnownFileType = sourcecode.cpp.cpp; path = book.cpp; sourceTree = "<group>"; };
		2EA13F391EBC788300115EB8 /* book.h */ = {isa = PBXFileReference; fileEncoding = 4; lastKnownFileType = sourcecode.c.h; path = book.h; sourceTree = "<group>"; };
		2EA13F3A1EBC788300115EB8 /* endgame.cpp */ = {isa = PBXFileReference; fileEncoding = 4; lastKnownFileType = sourcecode.cpp.cpp; path = endgame.cpp; sourceTree = "<group>"; };
		2EA13F3B1EBC788300115EB8 /* endgame.h */ = {isa = PBXFileReference; fileEncoding = 4; lastKnownFileType = sourcecode.c.h; path = endgame.h; sourceTree = "<group>"; };
		2EA13F3C1EBC788300115EB8 /* evaluate.cpp */ = {isa = PBXFileReference; fileEncoding = 4; lastKnownFileType = sourcecode.cpp.cpp; path = evaluate.cpp; sourceTree = "<group>"; };
		2EA13F3D1EBC788300115EB8 /* evaluate.h */ = {isa = PBXFileReference; fileEncoding = 4; lastKnownFileType = sourcecode.c.h; path = evaluate.h; sourceTree = "<group>"; };
		2EA13F3E1EBC788300115EB8 /* iphone.h */ = {isa = PBXFileReference; fileEncoding = 4; lastKnownFileType = sourcecode.c.h; path = iphone.h; sourceTree = "<group>"; };
		2EA13F3F1EBC788300115EB8 /* iphone.mm */ = {isa = PBXFileReference; fileEncoding = 4; lastKnownFileType = sourcecode.cpp.objcpp; path = iphone.mm; sourceTree = "<group>"; };
		2EA13F401EBC788300115EB8 /* material.cpp */ = {isa = PBXFileReference; fileEncoding = 4; lastKnownFileType = sourcecode.cpp.cpp; path = material.cpp; sourceTree = "<group>"; };
		2EA13F411EBC788300115EB8 /* material.h */ = {isa = PBXFileReference; fileEncoding = 4; lastKnownFileType = sourcecode.c.h; path = material.h; sourceTree = "<group>"; };
		2EA13F421EBC788300115EB8 /* misc.cpp */ = {isa = PBXFileReference; fileEncoding = 4; lastKnownFileType = sourcecode.cpp.cpp; path = misc.cpp; sourceTree = "<group>"; };
		2EA13F431EBC788300115EB8 /* misc.h */ = {isa = PBXFileReference; fileEncoding = 4; lastKnownFileType = sourcecode.c.h; path = misc.h; sourceTree = "<group>"; };
		2EA13F441EBC788300115EB8 /* movegen.cpp */ = {isa = PBXFileReference; fileEncoding = 4; lastKnownFileType = sourcecode.cpp.cpp; path = movegen.cpp; sourceTree = "<group>"; };
		2EA13F451EBC788300115EB8 /* movegen.h */ = {isa = PBXFileReference; fileEncoding = 4; lastKnownFileType = sourcecode.c.h; path = movegen.h; sourceTree = "<group>"; };
		2EA13F461EBC788300115EB8 /* movepick.cpp */ = {isa = PBXFileReference; fileEncoding = 4; lastKnownFileType = sourcecode.cpp.cpp; path = movepick.cpp; sourceTree = "<group>"; };
		2EA13F471EBC788300115EB8 /* movepick.h */ = {isa = PBXFileReference; fileEncoding = 4; lastKnownFileType = sourcecode.c.h; path = movepick.h; sourceTree = "<group>"; };
		2EA13F481EBC788300115EB8 /* notation.cpp */ = {isa = PBXFileReference; fileEncoding = 4; lastKnownFileType = sourcecode.cpp.cpp; path = notation.cpp; sourceTree = "<group>"; };
		2EA13F491EBC788300115EB8 /* notation.h */ = {isa = PBXFileReference; fileEncoding = 4; lastKnownFileType = sourcecode.c.h; path = notation.h; sourceTree = "<group>"; };
		2EA13F4A1EBC788300115EB8 /* pawns.cpp */ = {isa = PBXFileReference; fileEncoding = 4; lastKnownFileType = sourcecode.cpp.cpp; path = pawns.cpp; sourceTree = "<group>"; };
		2EA13F4B1EBC788300115EB8 /* pawns.h */ = {isa = PBXFileReference; fileEncoding = 4; lastKnownFileType = sourcecode.c.h; path = pawns.h; sourceTree = "<group>"; };
		2EA13F4C1EBC788300115EB8 /* position.cpp */ = {isa = PBXFileReference; fileEncoding = 4; lastKnownFileType = sourcecode.cpp.cpp; path = position.cpp; sourceTree = "<group>"; };
		2EA13F4D1EBC788300115EB8 /* position.h */ = {isa = PBXFileReference; fileEncoding = 4; lastKnownFileType = sourcecode.c.h; path = position.h; sourceTree = "<group>"; };
		2EA13F4E1EBC788300115EB8 /* psqtab.h */ = {isa = PBXFileReference; fileEncoding = 4; lastKnownFileType = sourcecode.c.h; path = psqtab.h; sourceTree = "<group>"; };
		2EA13F4F1EBC788300115EB8 /* rkiss.h */ = {isa = PBXFileReference; fileEncoding = 4; lastKnownFileType = sourcecode.c.h; path = rkiss.h; sourceTree = "<group>"; };
		2EA13F501EBC788300115EB8 /* search.cpp */ = {isa = PBXFileReference; fileEncoding = 4; lastKnownFileType = sourcecode.cpp.cpp; path = search.cpp; sourceTree = "<group>"; };
		2EA13F511EBC788300115EB8 /* search.h */ = {isa = PBXFileReference; fileEncoding = 4; lastKnownFileType = sourcecode.c.h; path = search.h; sourceTree = "<group>"; };
		2EA13F521EBC788300115EB8 /* thread.cpp */ = {isa = PBXFileReference; fileEncoding = 4; lastKnownFileType = sourcecode.cpp.cpp; path = thread.cpp; sourceTree = "<group>"; };
		2EA13F531EBC788300115EB8 /* thread.h */ = {isa = PBXFileReference; fileEncoding = 4; lastKnownFileType = sourcecode.c.h; path = thread.h; sourceTree = "<group>"; };
		2EA13F541EBC788300115EB8 /* timeman.cpp */ = {isa = PBXFileReference; fileEncoding = 4; lastKnownFileType = sourcecode.cpp.cpp; path = timeman.cpp; sourceTree = "<group>"; };
		2EA13F551EBC788300115EB8 /* timeman.h */ = {isa = PBXFileReference; fileEncoding = 4; lastKnownFileType = sourcecode.c.h; path = timeman.h; sourceTree = "<group>"; };
		2EA13F561EBC788300115EB8 /* tt.cpp */ = {isa = PBXFileReference; fileEncoding = 4; lastKnownFileType = sourcecode.cpp.cpp; path = tt.cpp; sourceTree = "<group>"; };
		2EA13F571EBC788300115EB8 /* tt.h */ = {isa = PBXFileReference; fileEncoding = 4; lastKnownFileType = sourcecode.c.h; path = tt.h; sourceTree = "<group>"; };
		2EA13F581EBC788300115EB8 /* types.h */ = {isa = PBXFileReference; fileEncoding = 4; lastKnownFileType = sourcecode.c.h; path = types.h; sourceTree = "<group>"; };
		2EA13F591EBC788300115EB8 /* uci.cpp */ = {isa = PBXFileReference; fileEncoding = 4; lastKnownFileType = sourcecode.cpp.cpp; path = uci.cpp; sourceTree = "<group>"; };
		2EA13F5A1EBC788300115EB8 /* ucioption.cpp */ = {isa = PBXFileReference; fileEncoding = 4; lastKnownFileType = sourcecode.cpp.cpp; path = ucioption.cpp; sourceTree = "<group>"; };
		2EA13F5B1EBC788300115EB8 /* ucioption.h */ = {isa = PBXFileReference; fileEncoding = 4; lastKnownFileType = sourcecode.c.h; path = ucioption.h; sourceTree = "<group>"; };
		2EB289731EC158B900FECAF3 /* ChessClock.h */ = {isa = PBXFileReference; fileEncoding = 4; lastKnownFileType = sourcecode.c.h; path = ChessClock.h; sourceTree = "<group>"; };
		2EB289741EC158B900FECAF3 /* ChessClock.mm */ = {isa = PBXFileReference; fileEncoding = 4; lastKnownFileType = sourcecode.cpp.objcpp; path = ChessClock.mm; sourceTree = "<group>"; };
		2EB289751EC158B900FECAF3 /* ChessMove.h */ = {isa = PBXFileReference; fileEncoding = 4; lastKnownFileType = sourcecode.c.h; path = ChessMove.h; sourceTree = "<group>"; };
		2EB289761EC158B900FECAF3 /* ChessMove.mm */ = {isa = PBXFileReference; fileEncoding = 4; lastKnownFileType = sourcecode.cpp.objcpp; path = ChessMove.mm; sourceTree = "<group>"; };
		2EB289791EC15DD900FECAF3 /* OpeningBook.h */ = {isa = PBXFileReference; fileEncoding = 4; lastKnownFileType = sourcecode.c.h; path = OpeningBook.h; sourceTree = "<group>"; };
		2EB2897A1EC15DD900FECAF3 /* OpeningBook.mm */ = {isa = PBXFileReference; fileEncoding = 4; lastKnownFileType = sourcecode.cpp.objcpp; path = OpeningBook.mm; sourceTree = "<group>"; };
		2EB2897C1EC15EEE00FECAF3 /* PGN.h */ = {isa = PBXFileReference; fileEncoding = 4; lastKnownFileType = sourcecode.c.h; path = PGN.h; sourceTree = "<group>"; };
		2EB2897D1EC15EEE00FECAF3 /* PGN.mm */ = {isa = PBXFileReference; fileEncoding = 4; lastKnownFileType = sourcecode.cpp.objcpp; path = PGN.mm; sourceTree = "<group>"; };
		2EB2897F1EC15F0E00FECAF3 /* GameParser.h */ = {isa = PBXFileReference; fileEncoding = 4; lastKnownFileType = sourcecode.c.h; path = GameParser.h; sourceTree = "<group>"; };
		2EB289801EC15F0E00FECAF3 /* GameParser.mm */ = {isa = PBXFileReference; fileEncoding = 4; lastKnownFileType = sourcecode.cpp.objcpp; path = GameParser.mm; sourceTree = "<group>"; };
		2EB289821EC15F5100FECAF3 /* ECO.h */ = {isa = PBXFileReference; fileEncoding = 4; lastKnownFileType = sourcecode.c.h; path = ECO.h; sourceTree = "<group>"; };
		2EB289831EC15F5100FECAF3 /* ECO.mm */ = {isa = PBXFileReference; fileEncoding = 4; lastKnownFileType = sourcecode.cpp.objcpp; path = ECO.mm; sourceTree = "<group>"; };
		2EB289851EC1644F00FECAF3 /* UZCoordinateView.h */ = {isa = PBXFileReference; fileEncoding = 4; lastKnownFileType = sourcecode.c.h; path = UZCoordinateView.h; sourceTree = "<group>"; };
		2EB289861EC1644F00FECAF3 /* UZCoordinateView.mm */ = {isa = PBXFileReference; fileEncoding = 4; lastKnownFileType = sourcecode.cpp.objcpp; path = UZCoordinateView.mm; sourceTree = "<group>"; };
		2EB289881EC1683B00FECAF3 /* UZMacro.h */ = {isa = PBXFileReference; fileEncoding = 4; lastKnownFileType = sourcecode.c.h; path = UZMacro.h; sourceTree = "<group>"; };
		2EB2898A1EC1696000FECAF3 /* MASCompositeConstraint.h */ = {isa = PBXFileReference; fileEncoding = 4; lastKnownFileType = sourcecode.c.h; path = MASCompositeConstraint.h; sourceTree = "<group>"; };
		2EB2898B1EC1696000FECAF3 /* MASCompositeConstraint.m */ = {isa = PBXFileReference; fileEncoding = 4; lastKnownFileType = sourcecode.c.objc; path = MASCompositeConstraint.m; sourceTree = "<group>"; };
		2EB2898C1EC1696000FECAF3 /* MASConstraint+Private.h */ = {isa = PBXFileReference; fileEncoding = 4; lastKnownFileType = sourcecode.c.h; path = "MASConstraint+Private.h"; sourceTree = "<group>"; };
		2EB2898D1EC1696000FECAF3 /* MASConstraint.h */ = {isa = PBXFileReference; fileEncoding = 4; lastKnownFileType = sourcecode.c.h; path = MASConstraint.h; sourceTree = "<group>"; };
		2EB2898E1EC1696000FECAF3 /* MASConstraint.m */ = {isa = PBXFileReference; fileEncoding = 4; lastKnownFileType = sourcecode.c.objc; path = MASConstraint.m; sourceTree = "<group>"; };
		2EB2898F1EC1696000FECAF3 /* MASConstraintMaker.h */ = {isa = PBXFileReference; fileEncoding = 4; lastKnownFileType = sourcecode.c.h; path = MASConstraintMaker.h; sourceTree = "<group>"; };
		2EB289901EC1696000FECAF3 /* MASConstraintMaker.m */ = {isa = PBXFileReference; fileEncoding = 4; lastKnownFileType = sourcecode.c.objc; path = MASConstraintMaker.m; sourceTree = "<group>"; };
		2EB289911EC1696000FECAF3 /* MASLayoutConstraint.h */ = {isa = PBXFileReference; fileEncoding = 4; lastKnownFileType = sourcecode.c.h; path = MASLayoutConstraint.h; sourceTree = "<group>"; };
		2EB289921EC1696000FECAF3 /* MASLayoutConstraint.m */ = {isa = PBXFileReference; fileEncoding = 4; lastKnownFileType = sourcecode.c.objc; path = MASLayoutConstraint.m; sourceTree = "<group>"; };
		2EB289931EC1696000FECAF3 /* Masonry.h */ = {isa = PBXFileReference; fileEncoding = 4; lastKnownFileType = sourcecode.c.h; path = Masonry.h; sourceTree = "<group>"; };
		2EB289941EC1696000FECAF3 /* MASUtilities.h */ = {isa = PBXFileReference; fileEncoding = 4; lastKnownFileType = sourcecode.c.h; path = MASUtilities.h; sourceTree = "<group>"; };
		2EB289951EC1696000FECAF3 /* MASViewAttribute.h */ = {isa = PBXFileReference; fileEncoding = 4; lastKnownFileType = sourcecode.c.h; path = MASViewAttribute.h; sourceTree = "<group>"; };
		2EB289961EC1696000FECAF3 /* MASViewAttribute.m */ = {isa = PBXFileReference; fileEncoding = 4; lastKnownFileType = sourcecode.c.objc; path = MASViewAttribute.m; sourceTree = "<group>"; };
		2EB289971EC1696000FECAF3 /* MASViewConstraint.h */ = {isa = PBXFileReference; fileEncoding = 4; lastKnownFileType = sourcecode.c.h; path = MASViewConstraint.h; sourceTree = "<group>"; };
		2EB289981EC1696000FECAF3 /* MASViewConstraint.m */ = {isa = PBXFileReference; fileEncoding = 4; lastKnownFileType = sourcecode.c.objc; path = MASViewConstraint.m; sourceTree = "<group>"; };
		2EB289991EC1696000FECAF3 /* NSArray+MASAdditions.h */ = {isa = PBXFileReference; fileEncoding = 4; lastKnownFileType = sourcecode.c.h; path = "NSArray+MASAdditions.h"; sourceTree = "<group>"; };
		2EB2899A1EC1696000FECAF3 /* NSArray+MASAdditions.m */ = {isa = PBXFileReference; fileEncoding = 4; lastKnownFileType = sourcecode.c.objc; path = "NSArray+MASAdditions.m"; sourceTree = "<group>"; };
		2EB2899B1EC1696000FECAF3 /* NSArray+MASShorthandAdditions.h */ = {isa = PBXFileReference; fileEncoding = 4; lastKnownFileType = sourcecode.c.h; path = "NSArray+MASShorthandAdditions.h"; sourceTree = "<group>"; };
		2EB2899C1EC1696000FECAF3 /* NSLayoutConstraint+MASDebugAdditions.h */ = {isa = PBXFileReference; fileEncoding = 4; lastKnownFileType = sourcecode.c.h; path = "NSLayoutConstraint+MASDebugAdditions.h"; sourceTree = "<group>"; };
		2EB2899D1EC1696000FECAF3 /* NSLayoutConstraint+MASDebugAdditions.m */ = {isa = PBXFileReference; fileEncoding = 4; lastKnownFileType = sourcecode.c.objc; path = "NSLayoutConstraint+MASDebugAdditions.m"; sourceTree = "<group>"; };
		2EB2899E1EC1696000FECAF3 /* View+MASAdditions.h */ = {isa = PBXFileReference; fileEncoding = 4; lastKnownFileType = sourcecode.c.h; path = "View+MASAdditions.h"; sourceTree = "<group>"; };
		2EB2899F1EC1696000FECAF3 /* View+MASAdditions.m */ = {isa = PBXFileReference; fileEncoding = 4; lastKnownFileType = sourcecode.c.objc; path = "View+MASAdditions.m"; sourceTree = "<group>"; };
		2EB289A01EC1696000FECAF3 /* View+MASShorthandAdditions.h */ = {isa = PBXFileReference; fileEncoding = 4; lastKnownFileType = sourcecode.c.h; path = "View+MASShorthandAdditions.h"; sourceTree = "<group>"; };
		2EB289A11EC1696000FECAF3 /* ViewController+MASAdditions.h */ = {isa = PBXFileReference; fileEncoding = 4; lastKnownFileType = sourcecode.c.h; path = "ViewController+MASAdditions.h"; sourceTree = "<group>"; };
		2EB289A21EC1696000FECAF3 /* ViewController+MASAdditions.m */ = {isa = PBXFileReference; fileEncoding = 4; lastKnownFileType = sourcecode.c.objc; path = "ViewController+MASAdditions.m"; sourceTree = "<group>"; };
		2EB289A51EC1696000FECAF3 /* NSData+YYAdd.h */ = {isa = PBXFileReference; fileEncoding = 4; lastKnownFileType = sourcecode.c.h; path = "NSData+YYAdd.h"; sourceTree = "<group>"; };
		2EB289A61EC1696000FECAF3 /* NSData+YYAdd.m */ = {isa = PBXFileReference; fileEncoding = 4; lastKnownFileType = sourcecode.c.objc; path = "NSData+YYAdd.m"; sourceTree = "<group>"; };
		2EB289A91EC1696000FECAF3 /* NSDate+YYAdd.h */ = {isa = PBXFileReference; fileEncoding = 4; lastKnownFileType = sourcecode.c.h; path = "NSDate+YYAdd.h"; sourceTree = "<group>"; };
		2EB289AA1EC1696000FECAF3 /* NSDate+YYAdd.m */ = {isa = PBXFileReference; fileEncoding = 4; lastKnownFileType = sourcecode.c.objc; path = "NSDate+YYAdd.m"; sourceTree = "<group>"; };
		2EB289AC1EC1696000FECAF3 /* NSNumber+YYAdd.h */ = {isa = PBXFileReference; fileEncoding = 4; lastKnownFileType = sourcecode.c.h; path = "NSNumber+YYAdd.h"; sourceTree = "<group>"; };
		2EB289AD1EC1696000FECAF3 /* NSNumber+YYAdd.m */ = {isa = PBXFileReference; fileEncoding = 4; lastKnownFileType = sourcecode.c.objc; path = "NSNumber+YYAdd.m"; sourceTree = "<group>"; };
		2EB289AE1EC1696000FECAF3 /* NSString+YYAdd.h */ = {isa = PBXFileReference; fileEncoding = 4; lastKnownFileType = sourcecode.c.h; path = "NSString+YYAdd.h"; sourceTree = "<group>"; };
		2EB289AF1EC1696000FECAF3 /* NSString+YYAdd.m */ = {isa = PBXFileReference; fileEncoding = 4; lastKnownFileType = sourcecode.c.objc; path = "NSString+YYAdd.m"; sourceTree = "<group>"; };
		2EB289B11EC1696000FECAF3 /* UIColor+YYAdd.h */ = {isa = PBXFileReference; fileEncoding = 4; lastKnownFileType = sourcecode.c.h; path = "UIColor+YYAdd.h"; sourceTree = "<group>"; };
		2EB289B21EC1696000FECAF3 /* UIColor+YYAdd.m */ = {isa = PBXFileReference; fileEncoding = 4; lastKnownFileType = sourcecode.c.objc; path = "UIColor+YYAdd.m"; sourceTree = "<group>"; };
		2EB289B31EC1696000FECAF3 /* UIDevice+IdentifierAddition.h */ = {isa = PBXFileReference; fileEncoding = 4; lastKnownFileType = sourcecode.c.h; path = "UIDevice+IdentifierAddition.h"; sourceTree = "<group>"; };
		2EB289B41EC1696000FECAF3 /* UIDevice+IdentifierAddition.m */ = {isa = PBXFileReference; fileEncoding = 4; lastKnownFileType = sourcecode.c.objc; path = "UIDevice+IdentifierAddition.m"; sourceTree = "<group>"; };
		2EB289B51EC1696000FECAF3 /* UIDevice+YYAdd.h */ = {isa = PBXFileReference; fileEncoding = 4; lastKnownFileType = sourcecode.c.h; path = "UIDevice+YYAdd.h"; sourceTree = "<group>"; };
		2EB289B61EC1696000FECAF3 /* UIDevice+YYAdd.m */ = {isa = PBXFileReference; fileEncoding = 4; lastKnownFileType = sourcecode.c.objc; path = "UIDevice+YYAdd.m"; sourceTree = "<group>"; };
		2EB289B91EC1696000FECAF3 /* YYKitMacro.h */ = {isa = PBXFileReference; fileEncoding = 4; lastKnownFileType = sourcecode.c.h; path = YYKitMacro.h; sourceTree = "<group>"; };
		2EB289CF1EC169BB00FECAF3 /* libz.1.2.5.tbd */ = {isa = PBXFileReference; lastKnownFileType = "sourcecode.text-based-dylib-definition"; name = libz.1.2.5.tbd; path = usr/lib/libz.1.2.5.tbd; sourceTree = SDKROOT; };
/* End PBXFileReference section */

/* Begin PBXFrameworksBuildPhase section */
		2EA13E291EBC77DE00115EB8 /* Frameworks */ = {
			isa = PBXFrameworksBuildPhase;
			buildActionMask = 2147483647;
			files = (
				2EB289D01EC169BB00FECAF3 /* libz.1.2.5.tbd in Frameworks */,
			);
			runOnlyForDeploymentPostprocessing = 0;
		};
		2EA13E421EBC77DE00115EB8 /* Frameworks */ = {
			isa = PBXFrameworksBuildPhase;
			buildActionMask = 2147483647;
			files = (
			);
			runOnlyForDeploymentPostprocessing = 0;
		};
		2EA13E4D1EBC77DE00115EB8 /* Frameworks */ = {
			isa = PBXFrameworksBuildPhase;
			buildActionMask = 2147483647;
			files = (
			);
			runOnlyForDeploymentPostprocessing = 0;
		};
/* End PBXFrameworksBuildPhase section */

/* Begin PBXGroup section */
		2E9EF5FA1EC017FF00C4C5C3 /* Controller */ = {
			isa = PBXGroup;
			children = (
				2E9EF5FB1EC017FF00C4C5C3 /* UZChessBoardViewController.h */,
				2E9EF5FC1EC017FF00C4C5C3 /* UZChessBoardViewController.mm */,
			);
			path = Controller;
			sourceTree = "<group>";
		};
		2E9EF5FD1EC017FF00C4C5C3 /* View */ = {
			isa = PBXGroup;
			children = (
				2E9EF5FF1EC0184300C4C5C3 /* UZChessBoardView.h */,
				2E9EF6001EC0184300C4C5C3 /* UZChessBoardView.mm */,
				2EB289851EC1644F00FECAF3 /* UZCoordinateView.h */,
				2EB289861EC1644F00FECAF3 /* UZCoordinateView.mm */,
				2E10A7161EC2E93300AAF510 /* UZChessLastMoveView.h */,
				2E10A7171EC2E93300AAF510 /* UZChessLastMoveView.mm */,
				2E10A7191EC2FF1D00AAF510 /* UZChessSelectedSquareView.h */,
				2E10A71A1EC2FF1D00AAF510 /* UZChessSelectedSquareView.m */,
				2E10A71F1EC306D600AAF510 /* UZChessLegalMovesSquareView.h */,
				2E10A7201EC306D600AAF510 /* UZChessLegalMovesSquareView.m */,
			);
			path = View;
			sourceTree = "<group>";
		};
		2E9EF6021EC05B8000C4C5C3 /* Model */ = {
			isa = PBXGroup;
			children = (
				2E9EF6031EC05B8D00C4C5C3 /* UZChessGameController.h */,
				2E9EF6041EC05B8D00C4C5C3 /* UZChessGameController.mm */,
				2E9EF6061EC05BEE00C4C5C3 /* UZChessGame.h */,
				2E9EF6071EC05BEE00C4C5C3 /* UZChessGame.m */,
			);
			path = Model;
			sourceTree = "<group>";
		};
		2E9EF6091EC0607400C4C5C3 /* Classes */ = {
			isa = PBXGroup;
			children = (
				2E6B1F6F1EC19AC2009F737F /* MoveListView.h */,
				2E6B1F701EC19AC2009F737F /* MoveListView.mm */,
				2EB289821EC15F5100FECAF3 /* ECO.h */,
				2EB289831EC15F5100FECAF3 /* ECO.mm */,
				2EB2897F1EC15F0E00FECAF3 /* GameParser.h */,
				2EB289801EC15F0E00FECAF3 /* GameParser.mm */,
				2EB2897C1EC15EEE00FECAF3 /* PGN.h */,
				2EB2897D1EC15EEE00FECAF3 /* PGN.mm */,
				2EB289791EC15DD900FECAF3 /* OpeningBook.h */,
				2EB2897A1EC15DD900FECAF3 /* OpeningBook.mm */,
				2EB289731EC158B900FECAF3 /* ChessClock.h */,
				2EB289741EC158B900FECAF3 /* ChessClock.mm */,
				2EB289751EC158B900FECAF3 /* ChessMove.h */,
				2EB289761EC158B900FECAF3 /* ChessMove.mm */,
				2E9EF6101EC06F7E00C4C5C3 /* Util.h */,
				2E9EF6111EC06F7E00C4C5C3 /* Util.mm */,
				2E9EF60A1EC0608400C4C5C3 /* EngineController.h */,
				2E9EF60B1EC0608400C4C5C3 /* EngineController.mm */,
				2E9EF60C1EC0608400C4C5C3 /* Queue.h */,
				2E9EF60D1EC0608400C4C5C3 /* Queue.mm */,
			);
			path = Classes;
			sourceTree = "<group>";
		};
		2EA13E231EBC77DE00115EB8 = {
			isa = PBXGroup;
			children = (
				2EA13E2E1EBC77DE00115EB8 /* UZChess */,
				2EA13E481EBC77DE00115EB8 /* UZChessTests */,
				2EA13E531EBC77DE00115EB8 /* UZChessUITests */,
				2EA13E2D1EBC77DE00115EB8 /* Products */,
				2EB289CE1EC169BB00FECAF3 /* Frameworks */,
			);
			sourceTree = "<group>";
		};
		2EA13E2D1EBC77DE00115EB8 /* Products */ = {
			isa = PBXGroup;
			children = (
				2EA13E2C1EBC77DE00115EB8 /* UZChess.app */,
				2EA13E451EBC77DE00115EB8 /* UZChessTests.xctest */,
				2EA13E501EBC77DE00115EB8 /* UZChessUITests.xctest */,
			);
			name = Products;
			sourceTree = "<group>";
		};
		2EA13E2E1EBC77DE00115EB8 /* UZChess */ = {
			isa = PBXGroup;
			children = (
				2EA13E621EBC780E00115EB8 /* Module */,
				2EA13E661EBC780E00115EB8 /* ThirdSource */,
				2EA13E321EBC77DE00115EB8 /* AppDelegate.h */,
				2EA13E331EBC77DE00115EB8 /* AppDelegate.mm */,
				2EA13E3B1EBC77DE00115EB8 /* Assets.xcassets */,
				2EA13E3D1EBC77DE00115EB8 /* LaunchScreen.storyboard */,
				2EA13E401EBC77DE00115EB8 /* Info.plist */,
				2EA13E2F1EBC77DE00115EB8 /* Supporting Files */,
			);
			path = UZChess;
			sourceTree = "<group>";
		};
		2EA13E2F1EBC77DE00115EB8 /* Supporting Files */ = {
			isa = PBXGroup;
			children = (
				2EA13F001EBC781600115EB8 /* UZChess.pch */,
				2EB289881EC1683B00FECAF3 /* UZMacro.h */,
				2EA13E301EBC77DE00115EB8 /* main.m */,
			);
			name = "Supporting Files";
			sourceTree = "<group>";
		};
		2EA13E481EBC77DE00115EB8 /* UZChessTests */ = {
			isa = PBXGroup;
			children = (
				2EA13E491EBC77DE00115EB8 /* UZChessTests.m */,
				2EA13E4B1EBC77DE00115EB8 /* Info.plist */,
			);
			path = UZChessTests;
			sourceTree = "<group>";
		};
		2EA13E531EBC77DE00115EB8 /* UZChessUITests */ = {
			isa = PBXGroup;
			children = (
				2EA13E541EBC77DE00115EB8 /* UZChessUITests.m */,
				2EA13E561EBC77DE00115EB8 /* Info.plist */,
			);
			path = UZChessUITests;
			sourceTree = "<group>";
		};
		2EA13E621EBC780E00115EB8 /* Module */ = {
			isa = PBXGroup;
			children = (
				2EA13E631EBC780E00115EB8 /* Board */,
			);
			path = Module;
			sourceTree = "<group>";
		};
		2EA13E631EBC780E00115EB8 /* Board */ = {
			isa = PBXGroup;
			children = (
				2E9EF6021EC05B8000C4C5C3 /* Model */,
				2E9EF5FA1EC017FF00C4C5C3 /* Controller */,
				2E9EF5FD1EC017FF00C4C5C3 /* View */,
			);
			path = Board;
			sourceTree = "<group>";
		};
		2EA13E661EBC780E00115EB8 /* ThirdSource */ = {
			isa = PBXGroup;
			children = (
				2EB289891EC1696000FECAF3 /* Masonry */,
				2EB289A31EC1696000FECAF3 /* YYKit */,
				2EA13E671EBC780E00115EB8 /* InAppSettingsKit */,
				2EA13E7F1EBC780E00115EB8 /* Stockfish */,
			);
			path = ThirdSource;
			sourceTree = "<group>";
		};
		2EA13E671EBC780E00115EB8 /* InAppSettingsKit */ = {
			isa = PBXGroup;
			children = (
				2EA13E681EBC780E00115EB8 /* BSSettingHelper */,
				2EA13E751EBC780E00115EB8 /* IASKSettingsReader.h */,
				2EA13E761EBC780E00115EB8 /* IASKSettingsReader.m */,
				2EA13E771EBC780E00115EB8 /* IASKSettingsStore.h */,
				2EA13E781EBC780E00115EB8 /* IASKSettingsStore.m */,
				2EA13E791EBC780E00115EB8 /* IASKSettingsStoreFile.h */,
				2EA13E7A1EBC780E00115EB8 /* IASKSettingsStoreFile.m */,
				2EA13E7B1EBC780E00115EB8 /* IASKSettingsStoreUserDefaults.h */,
				2EA13E7C1EBC780E00115EB8 /* IASKSettingsStoreUserDefaults.m */,
				2EA13E7D1EBC780E00115EB8 /* IASKSpecifier.h */,
				2EA13E7E1EBC780E00115EB8 /* IASKSpecifier.m */,
			);
			path = InAppSettingsKit;
			sourceTree = "<group>";
		};
		2EA13E681EBC780E00115EB8 /* BSSettingHelper */ = {
			isa = PBXGroup;
			children = (
				2EA13E691EBC780E00115EB8 /* UZAbstractSettings.h */,
				2EA13E6A1EBC780E00115EB8 /* UZAbstractSettings.m */,
				2EA13E6B1EBC780E00115EB8 /* UZBaseSettingStore.h */,
				2EA13E6C1EBC780E00115EB8 /* UZBaseSettingStore.m */,
				2EA13E6D1EBC780E00115EB8 /* UZChessSettings.h */,
				2EA13E6E1EBC780E00115EB8 /* UZChessSettings.m */,
				2EA13E6F1EBC780E00115EB8 /* UZChessSettingStore.h */,
				2EA13E701EBC780E00115EB8 /* UZChessSettingStore.m */,
				2EA13E711EBC780E00115EB8 /* UZGlobalSettings.h */,
				2EA13E721EBC780E00115EB8 /* UZGlobalSettings.m */,
				2EA13E731EBC780E00115EB8 /* UZSettingStore.h */,
				2EA13E741EBC780E00115EB8 /* UZSettingStore.m */,
			);
			path = BSSettingHelper;
			sourceTree = "<group>";
		};
		2EA13E7F1EBC780E00115EB8 /* Stockfish */ = {
			isa = PBXGroup;
			children = (
				2E9EF6091EC0607400C4C5C3 /* Classes */,
				2EA13F321EBC788300115EB8 /* Engine */,
				2EA13F011EBC785900115EB8 /* Chess */,
			);
			path = Stockfish;
			sourceTree = "<group>";
		};
		2EA13F011EBC785900115EB8 /* Chess */ = {
			isa = PBXGroup;
			children = (
				2EA13F021EBC785900115EB8 /* bitboard.cpp */,
				2EA13F031EBC785900115EB8 /* bitboard.h */,
				2EA13F041EBC785900115EB8 /* book.cpp */,
				2EA13F051EBC785900115EB8 /* book.h */,
				2EA13F061EBC785900115EB8 /* color.cpp */,
				2EA13F071EBC785900115EB8 /* color.h */,
				2EA13F081EBC785900115EB8 /* depth.h */,
				2EA13F091EBC785900115EB8 /* direction.cpp */,
				2EA13F0A1EBC785900115EB8 /* direction.h */,
				2EA13F0B1EBC785900115EB8 /* lock.h */,
				2EA13F0C1EBC785900115EB8 /* mersenne.cpp */,
				2EA13F0D1EBC785900115EB8 /* mersenne.h */,
				2EA13F0E1EBC785900115EB8 /* misc.cpp */,
				2EA13F0F1EBC785900115EB8 /* misc.h */,
				2EA13F101EBC785900115EB8 /* move.cpp */,
				2EA13F111EBC785900115EB8 /* move.h */,
				2EA13F121EBC785900115EB8 /* movegen.cpp */,
				2EA13F131EBC785900115EB8 /* movegen.h */,
				2EA13F141EBC785900115EB8 /* movepick.cpp */,
				2EA13F151EBC785900115EB8 /* movepick.h */,
				2EA13F161EBC785900115EB8 /* phase.h */,
				2EA13F171EBC785900115EB8 /* piece.cpp */,
				2EA13F181EBC785900115EB8 /* piece.h */,
				2EA13F191EBC785900115EB8 /* position.cpp */,
				2EA13F1A1EBC785900115EB8 /* position.h */,
				2EA13F1B1EBC785900115EB8 /* psqtab.h */,
				2EA13F1C1EBC785900115EB8 /* san.cpp */,
				2EA13F1D1EBC785900115EB8 /* san.h */,
				2EA13F1E1EBC785900115EB8 /* scale.h */,
				2EA13F1F1EBC785900115EB8 /* square.cpp */,
				2EA13F201EBC785900115EB8 /* square.h */,
				2EA13F211EBC785900115EB8 /* types.h */,
				2EA13F221EBC785900115EB8 /* value.cpp */,
				2EA13F231EBC785900115EB8 /* value.h */,
			);
			path = Chess;
			sourceTree = "<group>";
		};
		2EA13F321EBC788300115EB8 /* Engine */ = {
			isa = PBXGroup;
			children = (
				2EA13F331EBC788300115EB8 /* benchmark.cpp */,
				2EA13F341EBC788300115EB8 /* bitbase.cpp */,
				2EA13F351EBC788300115EB8 /* bitboard.cpp */,
				2EA13F361EBC788300115EB8 /* bitboard.h */,
				2EA13F371EBC788300115EB8 /* bitcount.h */,
				2EA13F381EBC788300115EB8 /* book.cpp */,
				2EA13F391EBC788300115EB8 /* book.h */,
				2EA13F3A1EBC788300115EB8 /* endgame.cpp */,
				2EA13F3B1EBC788300115EB8 /* endgame.h */,
				2EA13F3C1EBC788300115EB8 /* evaluate.cpp */,
				2EA13F3D1EBC788300115EB8 /* evaluate.h */,
				2EA13F3E1EBC788300115EB8 /* iphone.h */,
				2EA13F3F1EBC788300115EB8 /* iphone.mm */,
				2EA13F401EBC788300115EB8 /* material.cpp */,
				2EA13F411EBC788300115EB8 /* material.h */,
				2EA13F421EBC788300115EB8 /* misc.cpp */,
				2EA13F431EBC788300115EB8 /* misc.h */,
				2EA13F441EBC788300115EB8 /* movegen.cpp */,
				2EA13F451EBC788300115EB8 /* movegen.h */,
				2EA13F461EBC788300115EB8 /* movepick.cpp */,
				2EA13F471EBC788300115EB8 /* movepick.h */,
				2EA13F481EBC788300115EB8 /* notation.cpp */,
				2EA13F491EBC788300115EB8 /* notation.h */,
				2EA13F4A1EBC788300115EB8 /* pawns.cpp */,
				2EA13F4B1EBC788300115EB8 /* pawns.h */,
				2EA13F4C1EBC788300115EB8 /* position.cpp */,
				2EA13F4D1EBC788300115EB8 /* position.h */,
				2EA13F4E1EBC788300115EB8 /* psqtab.h */,
				2EA13F4F1EBC788300115EB8 /* rkiss.h */,
				2EA13F501EBC788300115EB8 /* search.cpp */,
				2EA13F511EBC788300115EB8 /* search.h */,
				2EA13F521EBC788300115EB8 /* thread.cpp */,
				2EA13F531EBC788300115EB8 /* thread.h */,
				2EA13F541EBC788300115EB8 /* timeman.cpp */,
				2EA13F551EBC788300115EB8 /* timeman.h */,
				2EA13F561EBC788300115EB8 /* tt.cpp */,
				2EA13F571EBC788300115EB8 /* tt.h */,
				2EA13F581EBC788300115EB8 /* types.h */,
				2EA13F591EBC788300115EB8 /* uci.cpp */,
				2EA13F5A1EBC788300115EB8 /* ucioption.cpp */,
				2EA13F5B1EBC788300115EB8 /* ucioption.h */,
			);
			path = Engine;
			sourceTree = "<group>";
		};
		2EB289891EC1696000FECAF3 /* Masonry */ = {
			isa = PBXGroup;
			children = (
				2EB2898A1EC1696000FECAF3 /* MASCompositeConstraint.h */,
				2EB2898B1EC1696000FECAF3 /* MASCompositeConstraint.m */,
				2EB2898C1EC1696000FECAF3 /* MASConstraint+Private.h */,
				2EB2898D1EC1696000FECAF3 /* MASConstraint.h */,
				2EB2898E1EC1696000FECAF3 /* MASConstraint.m */,
				2EB2898F1EC1696000FECAF3 /* MASConstraintMaker.h */,
				2EB289901EC1696000FECAF3 /* MASConstraintMaker.m */,
				2EB289911EC1696000FECAF3 /* MASLayoutConstraint.h */,
				2EB289921EC1696000FECAF3 /* MASLayoutConstraint.m */,
				2EB289931EC1696000FECAF3 /* Masonry.h */,
				2EB289941EC1696000FECAF3 /* MASUtilities.h */,
				2EB289951EC1696000FECAF3 /* MASViewAttribute.h */,
				2EB289961EC1696000FECAF3 /* MASViewAttribute.m */,
				2EB289971EC1696000FECAF3 /* MASViewConstraint.h */,
				2EB289981EC1696000FECAF3 /* MASViewConstraint.m */,
				2EB289991EC1696000FECAF3 /* NSArray+MASAdditions.h */,
				2EB2899A1EC1696000FECAF3 /* NSArray+MASAdditions.m */,
				2EB2899B1EC1696000FECAF3 /* NSArray+MASShorthandAdditions.h */,
				2EB2899C1EC1696000FECAF3 /* NSLayoutConstraint+MASDebugAdditions.h */,
				2EB2899D1EC1696000FECAF3 /* NSLayoutConstraint+MASDebugAdditions.m */,
				2EB2899E1EC1696000FECAF3 /* View+MASAdditions.h */,
				2EB2899F1EC1696000FECAF3 /* View+MASAdditions.m */,
				2EB289A01EC1696000FECAF3 /* View+MASShorthandAdditions.h */,
				2EB289A11EC1696000FECAF3 /* ViewController+MASAdditions.h */,
				2EB289A21EC1696000FECAF3 /* ViewController+MASAdditions.m */,
			);
			path = Masonry;
			sourceTree = "<group>";
		};
		2EB289A31EC1696000FECAF3 /* YYKit */ = {
			isa = PBXGroup;
			children = (
				2EB289A41EC1696000FECAF3 /* Foundation */,
				2EB289B01EC1696000FECAF3 /* UIKit */,
				2EB289B91EC1696000FECAF3 /* YYKitMacro.h */,
			);
			path = YYKit;
			sourceTree = "<group>";
		};
		2EB289A41EC1696000FECAF3 /* Foundation */ = {
			isa = PBXGroup;
			children = (
				2EB289A51EC1696000FECAF3 /* NSData+YYAdd.h */,
				2EB289A61EC1696000FECAF3 /* NSData+YYAdd.m */,
				2EB289A91EC1696000FECAF3 /* NSDate+YYAdd.h */,
				2EB289AA1EC1696000FECAF3 /* NSDate+YYAdd.m */,
				2EB289AC1EC1696000FECAF3 /* NSNumber+YYAdd.h */,
				2EB289AD1EC1696000FECAF3 /* NSNumber+YYAdd.m */,
				2EB289AE1EC1696000FECAF3 /* NSString+YYAdd.h */,
				2EB289AF1EC1696000FECAF3 /* NSString+YYAdd.m */,
			);
			path = Foundation;
			sourceTree = "<group>";
		};
		2EB289B01EC1696000FECAF3 /* UIKit */ = {
			isa = PBXGroup;
			children = (
				2EB289B11EC1696000FECAF3 /* UIColor+YYAdd.h */,
				2EB289B21EC1696000FECAF3 /* UIColor+YYAdd.m */,
				2EB289B31EC1696000FECAF3 /* UIDevice+IdentifierAddition.h */,
				2EB289B41EC1696000FECAF3 /* UIDevice+IdentifierAddition.m */,
				2EB289B51EC1696000FECAF3 /* UIDevice+YYAdd.h */,
				2EB289B61EC1696000FECAF3 /* UIDevice+YYAdd.m */,
			);
			path = UIKit;
			sourceTree = "<group>";
		};
		2EB289CE1EC169BB00FECAF3 /* Frameworks */ = {
			isa = PBXGroup;
			children = (
				2EB289CF1EC169BB00FECAF3 /* libz.1.2.5.tbd */,
			);
			name = Frameworks;
			sourceTree = "<group>";
		};
/* End PBXGroup section */

/* Begin PBXNativeTarget section */
		2EA13E2B1EBC77DE00115EB8 /* UZChess */ = {
			isa = PBXNativeTarget;
			buildConfigurationList = 2EA13E591EBC77DE00115EB8 /* Build configuration list for PBXNativeTarget "UZChess" */;
			buildPhases = (
				2EA13E281EBC77DE00115EB8 /* Sources */,
				2EA13E291EBC77DE00115EB8 /* Frameworks */,
				2EA13E2A1EBC77DE00115EB8 /* Resources */,
			);
			buildRules = (
			);
			dependencies = (
			);
			name = UZChess;
			productName = UZChess;
			productReference = 2EA13E2C1EBC77DE00115EB8 /* UZChess.app */;
			productType = "com.apple.product-type.application";
		};
		2EA13E441EBC77DE00115EB8 /* UZChessTests */ = {
			isa = PBXNativeTarget;
			buildConfigurationList = 2EA13E5C1EBC77DE00115EB8 /* Build configuration list for PBXNativeTarget "UZChessTests" */;
			buildPhases = (
				2EA13E411EBC77DE00115EB8 /* Sources */,
				2EA13E421EBC77DE00115EB8 /* Frameworks */,
				2EA13E431EBC77DE00115EB8 /* Resources */,
			);
			buildRules = (
			);
			dependencies = (
				2EA13E471EBC77DE00115EB8 /* PBXTargetDependency */,
			);
			name = UZChessTests;
			productName = UZChessTests;
			productReference = 2EA13E451EBC77DE00115EB8 /* UZChessTests.xctest */;
			productType = "com.apple.product-type.bundle.unit-test";
		};
		2EA13E4F1EBC77DE00115EB8 /* UZChessUITests */ = {
			isa = PBXNativeTarget;
			buildConfigurationList = 2EA13E5F1EBC77DE00115EB8 /* Build configuration list for PBXNativeTarget "UZChessUITests" */;
			buildPhases = (
				2EA13E4C1EBC77DE00115EB8 /* Sources */,
				2EA13E4D1EBC77DE00115EB8 /* Frameworks */,
				2EA13E4E1EBC77DE00115EB8 /* Resources */,
			);
			buildRules = (
			);
			dependencies = (
				2EA13E521EBC77DE00115EB8 /* PBXTargetDependency */,
			);
			name = UZChessUITests;
			productName = UZChessUITests;
			productReference = 2EA13E501EBC77DE00115EB8 /* UZChessUITests.xctest */;
			productType = "com.apple.product-type.bundle.ui-testing";
		};
/* End PBXNativeTarget section */

/* Begin PBXProject section */
		2EA13E241EBC77DE00115EB8 /* Project object */ = {
			isa = PBXProject;
			attributes = {
				LastUpgradeCheck = 0820;
				ORGANIZATIONNAME = com.uzero;
				TargetAttributes = {
					2EA13E2B1EBC77DE00115EB8 = {
						CreatedOnToolsVersion = 8.2.1;
						DevelopmentTeam = 89P9DJMTGN;
						ProvisioningStyle = Automatic;
					};
					2EA13E441EBC77DE00115EB8 = {
						CreatedOnToolsVersion = 8.2.1;
						DevelopmentTeam = 89P9DJMTGN;
						ProvisioningStyle = Automatic;
						TestTargetID = 2EA13E2B1EBC77DE00115EB8;
					};
					2EA13E4F1EBC77DE00115EB8 = {
						CreatedOnToolsVersion = 8.2.1;
						DevelopmentTeam = 89P9DJMTGN;
						ProvisioningStyle = Automatic;
						TestTargetID = 2EA13E2B1EBC77DE00115EB8;
					};
				};
			};
			buildConfigurationList = 2EA13E271EBC77DE00115EB8 /* Build configuration list for PBXProject "UZChess" */;
			compatibilityVersion = "Xcode 3.2";
			developmentRegion = English;
			hasScannedForEncodings = 0;
			knownRegions = (
				en,
				Base,
			);
			mainGroup = 2EA13E231EBC77DE00115EB8;
			productRefGroup = 2EA13E2D1EBC77DE00115EB8 /* Products */;
			projectDirPath = "";
			projectRoot = "";
			targets = (
				2EA13E2B1EBC77DE00115EB8 /* UZChess */,
				2EA13E441EBC77DE00115EB8 /* UZChessTests */,
				2EA13E4F1EBC77DE00115EB8 /* UZChessUITests */,
			);
		};
/* End PBXProject section */

/* Begin PBXResourcesBuildPhase section */
		2EA13E2A1EBC77DE00115EB8 /* Resources */ = {
			isa = PBXResourcesBuildPhase;
			buildActionMask = 2147483647;
			files = (
				2EA13E3F1EBC77DE00115EB8 /* LaunchScreen.storyboard in Resources */,
				2EA13E3C1EBC77DE00115EB8 /* Assets.xcassets in Resources */,
			);
			runOnlyForDeploymentPostprocessing = 0;
		};
		2EA13E431EBC77DE00115EB8 /* Resources */ = {
			isa = PBXResourcesBuildPhase;
			buildActionMask = 2147483647;
			files = (
			);
			runOnlyForDeploymentPostprocessing = 0;
		};
		2EA13E4E1EBC77DE00115EB8 /* Resources */ = {
			isa = PBXResourcesBuildPhase;
			buildActionMask = 2147483647;
			files = (
			);
			runOnlyForDeploymentPostprocessing = 0;
		};
/* End PBXResourcesBuildPhase section */

/* Begin PBXSourcesBuildPhase section */
		2EA13E281EBC77DE00115EB8 /* Sources */ = {
			isa = PBXSourcesBuildPhase;
			buildActionMask = 2147483647;
			files = (
				2EA13F611EBC788300115EB8 /* evaluate.cpp in Sources */,
				2EA13F5D1EBC788300115EB8 /* bitbase.cpp in Sources */,
				2EB289C41EC1696000FECAF3 /* NSData+YYAdd.m in Sources */,
				2EA13EDB1EBC780E00115EB8 /* IASKSpecifier.m in Sources */,
				2EA13F301EBC785900115EB8 /* square.cpp in Sources */,
				2EB289C91EC1696000FECAF3 /* NSString+YYAdd.m in Sources */,
				2EA13F601EBC788300115EB8 /* endgame.cpp in Sources */,
				2EB289841EC15F5100FECAF3 /* ECO.mm in Sources */,
				2E10A7211EC306D600AAF510 /* UZChessLegalMovesSquareView.m in Sources */,
				2EB289C81EC1696000FECAF3 /* NSNumber+YYAdd.m in Sources */,
				2E9EF6051EC05B8D00C4C5C3 /* UZChessGameController.mm in Sources */,
				2E6B1F711EC19AC2009F737F /* MoveListView.mm in Sources */,
				2EA13ED91EBC780E00115EB8 /* IASKSettingsStoreFile.m in Sources */,
				2EA13F6E1EBC788300115EB8 /* uci.cpp in Sources */,
				2EA13F5F1EBC788300115EB8 /* book.cpp in Sources */,
				2EB289811EC15F0E00FECAF3 /* GameParser.mm in Sources */,
				2E9EF6121EC06F7E00C4C5C3 /* Util.mm in Sources */,
				2EB289C01EC1696000FECAF3 /* NSArray+MASAdditions.m in Sources */,
				2EA13ED21EBC780E00115EB8 /* UZBaseSettingStore.m in Sources */,
				2EA13F5C1EBC788300115EB8 /* benchmark.cpp in Sources */,
				2EA13F6A1EBC788300115EB8 /* search.cpp in Sources */,
				2EA13F5E1EBC788300115EB8 /* bitboard.cpp in Sources */,
				2EA13F6B1EBC788300115EB8 /* thread.cpp in Sources */,
				2EA13F6C1EBC788300115EB8 /* timeman.cpp in Sources */,
				2EA13F271EBC785900115EB8 /* direction.cpp in Sources */,
				2EA13ED71EBC780E00115EB8 /* IASKSettingsReader.m in Sources */,
				2E9EF5FE1EC017FF00C4C5C3 /* UZChessBoardViewController.mm in Sources */,
				2EB2897E1EC15EEE00FECAF3 /* PGN.mm in Sources */,
				2EA13F631EBC788300115EB8 /* material.cpp in Sources */,
				2EB289BE1EC1696000FECAF3 /* MASViewAttribute.m in Sources */,
				2EA13F251EBC785900115EB8 /* book.cpp in Sources */,
				2EA13F311EBC785900115EB8 /* value.cpp in Sources */,
				2EB289C31EC1696000FECAF3 /* ViewController+MASAdditions.m in Sources */,
				2EB289CB1EC1696000FECAF3 /* UIDevice+IdentifierAddition.m in Sources */,
				2EA13F651EBC788300115EB8 /* movegen.cpp in Sources */,
				2EA13F261EBC785900115EB8 /* color.cpp in Sources */,
				2EA13F2B1EBC785900115EB8 /* movegen.cpp in Sources */,
				2EA13F2D1EBC785900115EB8 /* piece.cpp in Sources */,
				2EA13F641EBC788300115EB8 /* misc.cpp in Sources */,
				2EA13F6F1EBC788300115EB8 /* ucioption.cpp in Sources */,
				2EA13F681EBC788300115EB8 /* pawns.cpp in Sources */,
				2EB289BD1EC1696000FECAF3 /* MASLayoutConstraint.m in Sources */,
				2EA13E341EBC77DE00115EB8 /* AppDelegate.mm in Sources */,
				2EA13ED31EBC780E00115EB8 /* UZChessSettings.m in Sources */,
				2E10A7181EC2E93300AAF510 /* UZChessLastMoveView.mm in Sources */,
				2EA13E311EBC77DE00115EB8 /* main.m in Sources */,
				2EA13F2F1EBC785900115EB8 /* san.cpp in Sources */,
				2EB289CC1EC1696000FECAF3 /* UIDevice+YYAdd.m in Sources */,
				2EB289781EC158B900FECAF3 /* ChessMove.mm in Sources */,
				2E10A71B1EC2FF1D00AAF510 /* UZChessSelectedSquareView.m in Sources */,
				2EB289BC1EC1696000FECAF3 /* MASConstraintMaker.m in Sources */,
				2EA13F671EBC788300115EB8 /* notation.cpp in Sources */,
				2EB289BA1EC1696000FECAF3 /* MASCompositeConstraint.m in Sources */,
				2EA13F2A1EBC785900115EB8 /* move.cpp in Sources */,
				2E9EF6011EC0184300C4C5C3 /* UZChessBoardView.mm in Sources */,
				2EA13ED41EBC780E00115EB8 /* UZChessSettingStore.m in Sources */,
				2EA13ED51EBC780E00115EB8 /* UZGlobalSettings.m in Sources */,
				2EA13F291EBC785900115EB8 /* misc.cpp in Sources */,
				2EB289C21EC1696000FECAF3 /* View+MASAdditions.m in Sources */,
				2EB289871EC1644F00FECAF3 /* UZCoordinateView.mm in Sources */,
				2EA13F621EBC788300115EB8 /* iphone.mm in Sources */,
				2EA13F691EBC788300115EB8 /* position.cpp in Sources */,
				2EB289BB1EC1696000FECAF3 /* MASConstraint.m in Sources */,
				2E9EF6081EC05BEE00C4C5C3 /* UZChessGame.m in Sources */,
				2EB289C11EC1696000FECAF3 /* NSLayoutConstraint+MASDebugAdditions.m in Sources */,
				2EB289BF1EC1696000FECAF3 /* MASViewConstraint.m in Sources */,
				2E9EF60E1EC0608400C4C5C3 /* EngineController.mm in Sources */,
				2EA13ED81EBC780E00115EB8 /* IASKSettingsStore.m in Sources */,
				2E9EF60F1EC0608400C4C5C3 /* Queue.mm in Sources */,
				2EA13EDA1EBC780E00115EB8 /* IASKSettingsStoreUserDefaults.m in Sources */,
				2EA13F2E1EBC785900115EB8 /* position.cpp in Sources */,
				2EA13ED11EBC780E00115EB8 /* UZAbstractSettings.m in Sources */,
				2EB289771EC158B900FECAF3 /* ChessClock.mm in Sources */,
				2EA13ED61EBC780E00115EB8 /* UZSettingStore.m in Sources */,
				2EA13F6D1EBC788300115EB8 /* tt.cpp in Sources */,
				2EB289C61EC1696000FECAF3 /* NSDate+YYAdd.m in Sources */,
				2EB2897B1EC15DD900FECAF3 /* OpeningBook.mm in Sources */,
				2EA13F241EBC785900115EB8 /* bitboard.cpp in Sources */,
				2EA13F281EBC785900115EB8 /* mersenne.cpp in Sources */,
				2EA13F2C1EBC785900115EB8 /* movepick.cpp in Sources */,
				2EB289CA1EC1696000FECAF3 /* UIColor+YYAdd.m in Sources */,
				2EA13F661EBC788300115EB8 /* movepick.cpp in Sources */,
			);
			runOnlyForDeploymentPostprocessing = 0;
		};
		2EA13E411EBC77DE00115EB8 /* Sources */ = {
			isa = PBXSourcesBuildPhase;
			buildActionMask = 2147483647;
			files = (
				2EA13E4A1EBC77DE00115EB8 /* UZChessTests.m in Sources */,
			);
			runOnlyForDeploymentPostprocessing = 0;
		};
		2EA13E4C1EBC77DE00115EB8 /* Sources */ = {
			isa = PBXSourcesBuildPhase;
			buildActionMask = 2147483647;
			files = (
				2EA13E551EBC77DE00115EB8 /* UZChessUITests.m in Sources */,
			);
			runOnlyForDeploymentPostprocessing = 0;
		};
/* End PBXSourcesBuildPhase section */

/* Begin PBXTargetDependency section */
		2EA13E471EBC77DE00115EB8 /* PBXTargetDependency */ = {
			isa = PBXTargetDependency;
			target = 2EA13E2B1EBC77DE00115EB8 /* UZChess */;
			targetProxy = 2EA13E461EBC77DE00115EB8 /* PBXContainerItemProxy */;
		};
		2EA13E521EBC77DE00115EB8 /* PBXTargetDependency */ = {
			isa = PBXTargetDependency;
			target = 2EA13E2B1EBC77DE00115EB8 /* UZChess */;
			targetProxy = 2EA13E511EBC77DE00115EB8 /* PBXContainerItemProxy */;
		};
/* End PBXTargetDependency section */

/* Begin PBXVariantGroup section */
		2EA13E3D1EBC77DE00115EB8 /* LaunchScreen.storyboard */ = {
			isa = PBXVariantGroup;
			children = (
				2EA13E3E1EBC77DE00115EB8 /* Base */,
			);
			name = LaunchScreen.storyboard;
			sourceTree = "<group>";
		};
/* End PBXVariantGroup section */

/* Begin XCBuildConfiguration section */
		2EA13E571EBC77DE00115EB8 /* Debug */ = {
			isa = XCBuildConfiguration;
			buildSettings = {
				ALWAYS_SEARCH_USER_PATHS = NO;
				CLANG_ANALYZER_NONNULL = YES;
				CLANG_CXX_LANGUAGE_STANDARD = "gnu++0x";
				CLANG_CXX_LIBRARY = "libc++";
				CLANG_ENABLE_MODULES = YES;
				CLANG_ENABLE_OBJC_ARC = YES;
				CLANG_WARN_BOOL_CONVERSION = YES;
				CLANG_WARN_CONSTANT_CONVERSION = YES;
				CLANG_WARN_DIRECT_OBJC_ISA_USAGE = YES_ERROR;
				CLANG_WARN_DOCUMENTATION_COMMENTS = YES;
				CLANG_WARN_EMPTY_BODY = YES;
				CLANG_WARN_ENUM_CONVERSION = YES;
				CLANG_WARN_INFINITE_RECURSION = YES;
				CLANG_WARN_INT_CONVERSION = YES;
				CLANG_WARN_OBJC_ROOT_CLASS = YES_ERROR;
				CLANG_WARN_SUSPICIOUS_MOVE = YES;
				CLANG_WARN_UNREACHABLE_CODE = YES;
				CLANG_WARN__DUPLICATE_METHOD_MATCH = YES;
				"CODE_SIGN_IDENTITY[sdk=iphoneos*]" = "iPhone Developer";
				COPY_PHASE_STRIP = NO;
				DEBUG_INFORMATION_FORMAT = dwarf;
				ENABLE_STRICT_OBJC_MSGSEND = YES;
				ENABLE_TESTABILITY = YES;
				GCC_C_LANGUAGE_STANDARD = gnu99;
				GCC_DYNAMIC_NO_PIC = NO;
				GCC_NO_COMMON_BLOCKS = YES;
				GCC_OPTIMIZATION_LEVEL = 0;
				GCC_PREPROCESSOR_DEFINITIONS = (
					"DEBUG=1",
					"$(inherited)",
				);
				GCC_WARN_64_TO_32_BIT_CONVERSION = YES;
				GCC_WARN_ABOUT_RETURN_TYPE = YES_ERROR;
				GCC_WARN_UNDECLARED_SELECTOR = YES;
				GCC_WARN_UNINITIALIZED_AUTOS = YES_AGGRESSIVE;
				GCC_WARN_UNUSED_FUNCTION = YES;
				GCC_WARN_UNUSED_VARIABLE = YES;
				IPHONEOS_DEPLOYMENT_TARGET = 10.2;
				MTL_ENABLE_DEBUG_INFO = YES;
				ONLY_ACTIVE_ARCH = YES;
				SDKROOT = iphoneos;
			};
			name = Debug;
		};
		2EA13E581EBC77DE00115EB8 /* Release */ = {
			isa = XCBuildConfiguration;
			buildSettings = {
				ALWAYS_SEARCH_USER_PATHS = NO;
				CLANG_ANALYZER_NONNULL = YES;
				CLANG_CXX_LANGUAGE_STANDARD = "gnu++0x";
				CLANG_CXX_LIBRARY = "libc++";
				CLANG_ENABLE_MODULES = YES;
				CLANG_ENABLE_OBJC_ARC = YES;
				CLANG_WARN_BOOL_CONVERSION = YES;
				CLANG_WARN_CONSTANT_CONVERSION = YES;
				CLANG_WARN_DIRECT_OBJC_ISA_USAGE = YES_ERROR;
				CLANG_WARN_DOCUMENTATION_COMMENTS = YES;
				CLANG_WARN_EMPTY_BODY = YES;
				CLANG_WARN_ENUM_CONVERSION = YES;
				CLANG_WARN_INFINITE_RECURSION = YES;
				CLANG_WARN_INT_CONVERSION = YES;
				CLANG_WARN_OBJC_ROOT_CLASS = YES_ERROR;
				CLANG_WARN_SUSPICIOUS_MOVE = YES;
				CLANG_WARN_UNREACHABLE_CODE = YES;
				CLANG_WARN__DUPLICATE_METHOD_MATCH = YES;
				"CODE_SIGN_IDENTITY[sdk=iphoneos*]" = "iPhone Developer";
				COPY_PHASE_STRIP = NO;
				DEBUG_INFORMATION_FORMAT = "dwarf-with-dsym";
				ENABLE_NS_ASSERTIONS = NO;
				ENABLE_STRICT_OBJC_MSGSEND = YES;
				GCC_C_LANGUAGE_STANDARD = gnu99;
				GCC_NO_COMMON_BLOCKS = YES;
				GCC_WARN_64_TO_32_BIT_CONVERSION = YES;
				GCC_WARN_ABOUT_RETURN_TYPE = YES_ERROR;
				GCC_WARN_UNDECLARED_SELECTOR = YES;
				GCC_WARN_UNINITIALIZED_AUTOS = YES_AGGRESSIVE;
				GCC_WARN_UNUSED_FUNCTION = YES;
				GCC_WARN_UNUSED_VARIABLE = YES;
				IPHONEOS_DEPLOYMENT_TARGET = 10.2;
				MTL_ENABLE_DEBUG_INFO = NO;
				SDKROOT = iphoneos;
				VALIDATE_PRODUCT = YES;
			};
			name = Release;
		};
		2EA13E5A1EBC77DE00115EB8 /* Debug */ = {
			isa = XCBuildConfiguration;
			buildSettings = {
				ASSETCATALOG_COMPILER_APPICON_NAME = AppIcon;
				DEVELOPMENT_TEAM = 89P9DJMTGN;
				GCC_PREFIX_HEADER = UZChess/UZChess.pch;
				INFOPLIST_FILE = UZChess/Info.plist;
				LD_RUNPATH_SEARCH_PATHS = "$(inherited) @executable_path/Frameworks";
				PRODUCT_BUNDLE_IDENTIFIER = com.uzero.UZChess;
				PRODUCT_NAME = "$(TARGET_NAME)";
			};
			name = Debug;
		};
		2EA13E5B1EBC77DE00115EB8 /* Release */ = {
			isa = XCBuildConfiguration;
			buildSettings = {
				ASSETCATALOG_COMPILER_APPICON_NAME = AppIcon;
				DEVELOPMENT_TEAM = 89P9DJMTGN;
				GCC_PREFIX_HEADER = UZChess/UZChess.pch;
				INFOPLIST_FILE = UZChess/Info.plist;
				LD_RUNPATH_SEARCH_PATHS = "$(inherited) @executable_path/Frameworks";
				PRODUCT_BUNDLE_IDENTIFIER = com.uzero.UZChess;
				PRODUCT_NAME = "$(TARGET_NAME)";
			};
			name = Release;
		};
		2EA13E5D1EBC77DE00115EB8 /* Debug */ = {
			isa = XCBuildConfiguration;
			buildSettings = {
				BUNDLE_LOADER = "$(TEST_HOST)";
				DEVELOPMENT_TEAM = 89P9DJMTGN;
				INFOPLIST_FILE = UZChessTests/Info.plist;
				LD_RUNPATH_SEARCH_PATHS = "$(inherited) @executable_path/Frameworks @loader_path/Frameworks";
				PRODUCT_BUNDLE_IDENTIFIER = com.uzero.UZChessTests;
				PRODUCT_NAME = "$(TARGET_NAME)";
				TEST_HOST = "$(BUILT_PRODUCTS_DIR)/UZChess.app/UZChess";
			};
			name = Debug;
		};
		2EA13E5E1EBC77DE00115EB8 /* Release */ = {
			isa = XCBuildConfiguration;
			buildSettings = {
				BUNDLE_LOADER = "$(TEST_HOST)";
				DEVELOPMENT_TEAM = 89P9DJMTGN;
				INFOPLIST_FILE = UZChessTests/Info.plist;
				LD_RUNPATH_SEARCH_PATHS = "$(inherited) @executable_path/Frameworks @loader_path/Frameworks";
				PRODUCT_BUNDLE_IDENTIFIER = com.uzero.UZChessTests;
				PRODUCT_NAME = "$(TARGET_NAME)";
				TEST_HOST = "$(BUILT_PRODUCTS_DIR)/UZChess.app/UZChess";
			};
			name = Release;
		};
		2EA13E601EBC77DE00115EB8 /* Debug */ = {
			isa = XCBuildConfiguration;
			buildSettings = {
				DEVELOPMENT_TEAM = 89P9DJMTGN;
				INFOPLIST_FILE = UZChessUITests/Info.plist;
				LD_RUNPATH_SEARCH_PATHS = "$(inherited) @executable_path/Frameworks @loader_path/Frameworks";
				PRODUCT_BUNDLE_IDENTIFIER = com.uzero.UZChessUITests;
				PRODUCT_NAME = "$(TARGET_NAME)";
				TEST_TARGET_NAME = UZChess;
			};
			name = Debug;
		};
		2EA13E611EBC77DE00115EB8 /* Release */ = {
			isa = XCBuildConfiguration;
			buildSettings = {
				DEVELOPMENT_TEAM = 89P9DJMTGN;
				INFOPLIST_FILE = UZChessUITests/Info.plist;
				LD_RUNPATH_SEARCH_PATHS = "$(inherited) @executable_path/Frameworks @loader_path/Frameworks";
				PRODUCT_BUNDLE_IDENTIFIER = com.uzero.UZChessUITests;
				PRODUCT_NAME = "$(TARGET_NAME)";
				TEST_TARGET_NAME = UZChess;
			};
			name = Release;
		};
/* End XCBuildConfiguration section */

/* Begin XCConfigurationList section */
		2EA13E271EBC77DE00115EB8 /* Build configuration list for PBXProject "UZChess" */ = {
			isa = XCConfigurationList;
			buildConfigurations = (
				2EA13E571EBC77DE00115EB8 /* Debug */,
				2EA13E581EBC77DE00115EB8 /* Release */,
			);
			defaultConfigurationIsVisible = 0;
			defaultConfigurationName = Release;
		};
		2EA13E591EBC77DE00115EB8 /* Build configuration list for PBXNativeTarget "UZChess" */ = {
			isa = XCConfigurationList;
			buildConfigurations = (
				2EA13E5A1EBC77DE00115EB8 /* Debug */,
				2EA13E5B1EBC77DE00115EB8 /* Release */,
			);
			defaultConfigurationIsVisible = 0;
			defaultConfigurationName = Release;
		};
		2EA13E5C1EBC77DE00115EB8 /* Build configuration list for PBXNativeTarget "UZChessTests" */ = {
			isa = XCConfigurationList;
			buildConfigurations = (
				2EA13E5D1EBC77DE00115EB8 /* Debug */,
				2EA13E5E1EBC77DE00115EB8 /* Release */,
			);
			defaultConfigurationIsVisible = 0;
			defaultConfigurationName = Release;
		};
		2EA13E5F1EBC77DE00115EB8 /* Build configuration list for PBXNativeTarget "UZChessUITests" */ = {
			isa = XCConfigurationList;
			buildConfigurations = (
				2EA13E601EBC77DE00115EB8 /* Debug */,
				2EA13E611EBC77DE00115EB8 /* Release */,
			);
			defaultConfigurationIsVisible = 0;
			defaultConfigurationName = Release;
		};
/* End XCConfigurationList section */
	};
	rootObject = 2EA13E241EBC77DE00115EB8 /* Project object */;
}
